// !$*UTF8*$!
{
	archiveVersion = 1;
	classes = {
	};
	objectVersion = 50;
	objects = {

/* Begin PBXBuildFile section */
		DF4A87AA240FF5F00064A9D8 /* MasterNavigableTableViewCell.swift in Sources */ = {isa = PBXBuildFile; fileRef = DF4A87A9240FF5F00064A9D8 /* MasterNavigableTableViewCell.swift */; };
		DF828EF7243365A0001B9743 /* DetailSwitchTableViewCell.xib in Resources */ = {isa = PBXBuildFile; fileRef = DF828EF6243365A0001B9743 /* DetailSwitchTableViewCell.xib */; };
		DF828EF9243365D6001B9743 /* DetailNavigableTableViewCell.xib in Resources */ = {isa = PBXBuildFile; fileRef = DF828EF8243365D6001B9743 /* DetailNavigableTableViewCell.xib */; };
		DF828EFB243365F0001B9743 /* DetailTextTableViewCell.xib in Resources */ = {isa = PBXBuildFile; fileRef = DF828EFA243365F0001B9743 /* DetailTextTableViewCell.xib */; };
		DF828EFD2433661E001B9743 /* DetailSliderTableViewCell.xib in Resources */ = {isa = PBXBuildFile; fileRef = DF828EFC2433661E001B9743 /* DetailSliderTableViewCell.xib */; };
		DF828EFF24336639001B9743 /* DetailSelectionTableViewCell.xib in Resources */ = {isa = PBXBuildFile; fileRef = DF828EFE24336639001B9743 /* DetailSelectionTableViewCell.xib */; };
		DF8390BC2410EA34006705A9 /* CustomSplitViewController.swift in Sources */ = {isa = PBXBuildFile; fileRef = DF8390BB2410EA34006705A9 /* CustomSplitViewController.swift */; };
		DF8390BE2410EB4A006705A9 /* DetailSwitchTableViewCell.swift in Sources */ = {isa = PBXBuildFile; fileRef = DF8390BD2410EB4A006705A9 /* DetailSwitchTableViewCell.swift */; };
		DF8390C02410EBBF006705A9 /* DetailNavigableTableViewCell.swift in Sources */ = {isa = PBXBuildFile; fileRef = DF8390BF2410EBBF006705A9 /* DetailNavigableTableViewCell.swift */; };
		DF8390C22410EBEB006705A9 /* DetailTextTableViewCell.swift in Sources */ = {isa = PBXBuildFile; fileRef = DF8390C12410EBEB006705A9 /* DetailTextTableViewCell.swift */; };
		DF8390C42410EC06006705A9 /* DetailSliderTableViewCell.swift in Sources */ = {isa = PBXBuildFile; fileRef = DF8390C32410EC06006705A9 /* DetailSliderTableViewCell.swift */; };
		DF8390C62410F2AE006705A9 /* DetailSelectionTableViewCell.swift in Sources */ = {isa = PBXBuildFile; fileRef = DF8390C52410F2AE006705A9 /* DetailSelectionTableViewCell.swift */; };
		DFE81E06240FE01600842335 /* AppDelegate.swift in Sources */ = {isa = PBXBuildFile; fileRef = DFE81E05240FE01600842335 /* AppDelegate.swift */; };
		DFE81E08240FE01600842335 /* SceneDelegate.swift in Sources */ = {isa = PBXBuildFile; fileRef = DFE81E07240FE01600842335 /* SceneDelegate.swift */; };
		DFE81E0A240FE01600842335 /* MasterViewController.swift in Sources */ = {isa = PBXBuildFile; fileRef = DFE81E09240FE01600842335 /* MasterViewController.swift */; };
		DFE81E0D240FE01600842335 /* Main.storyboard in Resources */ = {isa = PBXBuildFile; fileRef = DFE81E0B240FE01600842335 /* Main.storyboard */; };
		DFE81E0F240FE01600842335 /* Assets.xcassets in Resources */ = {isa = PBXBuildFile; fileRef = DFE81E0E240FE01600842335 /* Assets.xcassets */; };
		DFE81E12240FE01600842335 /* LaunchScreen.storyboard in Resources */ = {isa = PBXBuildFile; fileRef = DFE81E10240FE01600842335 /* LaunchScreen.storyboard */; };
		DFE81E36240FE05B00842335 /* DetailViewController.swift in Sources */ = {isa = PBXBuildFile; fileRef = DFE81E35240FE05B00842335 /* DetailViewController.swift */; };
		DFE81E38240FE08600842335 /* DataHandler.swift in Sources */ = {isa = PBXBuildFile; fileRef = DFE81E37240FE08600842335 /* DataHandler.swift */; };
		DFE81E40240FF03600842335 /* MasterSwitchTableViewCell.swift in Sources */ = {isa = PBXBuildFile; fileRef = DFE81E3F240FF03600842335 /* MasterSwitchTableViewCell.swift */; };
		DFE81E43240FF06200842335 /* RandomColorView.swift in Sources */ = {isa = PBXBuildFile; fileRef = DFE81E42240FF06200842335 /* RandomColorView.swift */; };
/* End PBXBuildFile section */

/* Begin PBXFileReference section */
		DF4A87A9240FF5F00064A9D8 /* MasterNavigableTableViewCell.swift */ = {isa = PBXFileReference; lastKnownFileType = sourcecode.swift; path = MasterNavigableTableViewCell.swift; sourceTree = "<group>"; };
		DF828EF6243365A0001B9743 /* DetailSwitchTableViewCell.xib */ = {isa = PBXFileReference; lastKnownFileType = file.xib; path = DetailSwitchTableViewCell.xib; sourceTree = "<group>"; };
		DF828EF8243365D6001B9743 /* DetailNavigableTableViewCell.xib */ = {isa = PBXFileReference; lastKnownFileType = file.xib; path = DetailNavigableTableViewCell.xib; sourceTree = "<group>"; };
		DF828EFA243365F0001B9743 /* DetailTextTableViewCell.xib */ = {isa = PBXFileReference; lastKnownFileType = file.xib; path = DetailTextTableViewCell.xib; sourceTree = "<group>"; };
		DF828EFC2433661E001B9743 /* DetailSliderTableViewCell.xib */ = {isa = PBXFileReference; lastKnownFileType = file.xib; path = DetailSliderTableViewCell.xib; sourceTree = "<group>"; };
		DF828EFE24336639001B9743 /* DetailSelectionTableViewCell.xib */ = {isa = PBXFileReference; lastKnownFileType = file.xib; path = DetailSelectionTableViewCell.xib; sourceTree = "<group>"; };
		DF8390BB2410EA34006705A9 /* CustomSplitViewController.swift */ = {isa = PBXFileReference; lastKnownFileType = sourcecode.swift; path = CustomSplitViewController.swift; sourceTree = "<group>"; };
		DF8390BD2410EB4A006705A9 /* DetailSwitchTableViewCell.swift */ = {isa = PBXFileReference; lastKnownFileType = sourcecode.swift; path = DetailSwitchTableViewCell.swift; sourceTree = "<group>"; };
		DF8390BF2410EBBF006705A9 /* DetailNavigableTableViewCell.swift */ = {isa = PBXFileReference; lastKnownFileType = sourcecode.swift; path = DetailNavigableTableViewCell.swift; sourceTree = "<group>"; };
		DF8390C12410EBEB006705A9 /* DetailTextTableViewCell.swift */ = {isa = PBXFileReference; lastKnownFileType = sourcecode.swift; path = DetailTextTableViewCell.swift; sourceTree = "<group>"; };
		DF8390C32410EC06006705A9 /* DetailSliderTableViewCell.swift */ = {isa = PBXFileReference; lastKnownFileType = sourcecode.swift; path = DetailSliderTableViewCell.swift; sourceTree = "<group>"; };
		DF8390C52410F2AE006705A9 /* DetailSelectionTableViewCell.swift */ = {isa = PBXFileReference; lastKnownFileType = sourcecode.swift; path = DetailSelectionTableViewCell.swift; sourceTree = "<group>"; };
		DFE81E02240FE01600842335 /* SettingsTestApp.app */ = {isa = PBXFileReference; explicitFileType = wrapper.application; includeInIndex = 0; path = SettingsTestApp.app; sourceTree = BUILT_PRODUCTS_DIR; };
		DFE81E05240FE01600842335 /* AppDelegate.swift */ = {isa = PBXFileReference; lastKnownFileType = sourcecode.swift; path = AppDelegate.swift; sourceTree = "<group>"; };
		DFE81E07240FE01600842335 /* SceneDelegate.swift */ = {isa = PBXFileReference; lastKnownFileType = sourcecode.swift; path = SceneDelegate.swift; sourceTree = "<group>"; };
		DFE81E09240FE01600842335 /* MasterViewController.swift */ = {isa = PBXFileReference; lastKnownFileType = sourcecode.swift; path = MasterViewController.swift; sourceTree = "<group>"; };
		DFE81E0C240FE01600842335 /* Base */ = {isa = PBXFileReference; lastKnownFileType = file.storyboard; name = Base; path = Base.lproj/Main.storyboard; sourceTree = "<group>"; };
		DFE81E0E240FE01600842335 /* Assets.xcassets */ = {isa = PBXFileReference; lastKnownFileType = folder.assetcatalog; path = Assets.xcassets; sourceTree = "<group>"; };
		DFE81E11240FE01600842335 /* Base */ = {isa = PBXFileReference; lastKnownFileType = file.storyboard; name = Base; path = Base.lproj/LaunchScreen.storyboard; sourceTree = "<group>"; };
		DFE81E13240FE01600842335 /* Info.plist */ = {isa = PBXFileReference; lastKnownFileType = text.plist.xml; path = Info.plist; sourceTree = "<group>"; };
		DFE81E35240FE05B00842335 /* DetailViewController.swift */ = {isa = PBXFileReference; lastKnownFileType = sourcecode.swift; path = DetailViewController.swift; sourceTree = "<group>"; };
		DFE81E37240FE08600842335 /* DataHandler.swift */ = {isa = PBXFileReference; lastKnownFileType = sourcecode.swift; path = DataHandler.swift; sourceTree = "<group>"; };
		DFE81E3F240FF03600842335 /* MasterSwitchTableViewCell.swift */ = {isa = PBXFileReference; lastKnownFileType = sourcecode.swift; path = MasterSwitchTableViewCell.swift; sourceTree = "<group>"; };
		DFE81E42240FF06200842335 /* RandomColorView.swift */ = {isa = PBXFileReference; lastKnownFileType = sourcecode.swift; path = RandomColorView.swift; sourceTree = "<group>"; };
/* End PBXFileReference section */

/* Begin PBXFrameworksBuildPhase section */
		DFE81DFF240FE01600842335 /* Frameworks */ = {
			isa = PBXFrameworksBuildPhase;
			buildActionMask = 2147483647;
			files = (
			);
			runOnlyForDeploymentPostprocessing = 0;
		};
/* End PBXFrameworksBuildPhase section */

/* Begin PBXGroup section */
		DFE81DF9240FE01600842335 = {
			isa = PBXGroup;
			children = (
				DFE81E04240FE01600842335 /* SettingsTestApp */,
				DFE81E03240FE01600842335 /* Products */,
			);
			sourceTree = "<group>";
		};
		DFE81E03240FE01600842335 /* Products */ = {
			isa = PBXGroup;
			children = (
				DFE81E02240FE01600842335 /* SettingsTestApp.app */,
			);
			name = Products;
			sourceTree = "<group>";
		};
		DFE81E04240FE01600842335 /* SettingsTestApp */ = {
			isa = PBXGroup;
			children = (
				DFE81E41240FF05700842335 /* Views */,
				DFE81E3B240FEDF700842335 /* Cells */,
				DFE81E05240FE01600842335 /* AppDelegate.swift */,
				DFE81E07240FE01600842335 /* SceneDelegate.swift */,
				DFE81E3C240FEE0C00842335 /* ViewControllers */,
				DFE81E3D240FEE1B00842335 /* StoryBoards */,
				DFE81E0E240FE01600842335 /* Assets.xcassets */,
				DFE81E13240FE01600842335 /* Info.plist */,
				DFE81E3E240FEE2800842335 /* Model */,
			);
			path = SettingsTestApp;
			sourceTree = "<group>";
		};
		DFE81E3B240FEDF700842335 /* Cells */ = {
			isa = PBXGroup;
			children = (
				DFE81E3F240FF03600842335 /* MasterSwitchTableViewCell.swift */,
				DF4A87A9240FF5F00064A9D8 /* MasterNavigableTableViewCell.swift */,
				DF8390BD2410EB4A006705A9 /* DetailSwitchTableViewCell.swift */,
				DF8390BF2410EBBF006705A9 /* DetailNavigableTableViewCell.swift */,
				DF8390C12410EBEB006705A9 /* DetailTextTableViewCell.swift */,
				DF8390C32410EC06006705A9 /* DetailSliderTableViewCell.swift */,
				DF8390C52410F2AE006705A9 /* DetailSelectionTableViewCell.swift */,
				DF828EF6243365A0001B9743 /* DetailSwitchTableViewCell.xib */,
				DF828EF8243365D6001B9743 /* DetailNavigableTableViewCell.xib */,
				DF828EFA243365F0001B9743 /* DetailTextTableViewCell.xib */,
				DF828EFC2433661E001B9743 /* DetailSliderTableViewCell.xib */,
				DF828EFE24336639001B9743 /* DetailSelectionTableViewCell.xib */,
			);
			name = Cells;
			sourceTree = "<group>";
		};
		DFE81E3C240FEE0C00842335 /* ViewControllers */ = {
			isa = PBXGroup;
			children = (
				DFE81E09240FE01600842335 /* MasterViewController.swift */,
				DFE81E35240FE05B00842335 /* DetailViewController.swift */,
				DF8390BB2410EA34006705A9 /* CustomSplitViewController.swift */,
			);
			name = ViewControllers;
			sourceTree = "<group>";
		};
		DFE81E3D240FEE1B00842335 /* StoryBoards */ = {
			isa = PBXGroup;
			children = (
				DFE81E0B240FE01600842335 /* Main.storyboard */,
				DFE81E10240FE01600842335 /* LaunchScreen.storyboard */,
			);
			name = StoryBoards;
			sourceTree = "<group>";
		};
		DFE81E3E240FEE2800842335 /* Model */ = {
			isa = PBXGroup;
			children = (
				DFE81E37240FE08600842335 /* DataHandler.swift */,
			);
			name = Model;
			sourceTree = "<group>";
		};
		DFE81E41240FF05700842335 /* Views */ = {
			isa = PBXGroup;
			children = (
				DFE81E42240FF06200842335 /* RandomColorView.swift */,
			);
			name = Views;
			sourceTree = "<group>";
		};
/* End PBXGroup section */

/* Begin PBXNativeTarget section */
		DFE81E01240FE01600842335 /* SettingsTestApp */ = {
			isa = PBXNativeTarget;
			buildConfigurationList = DFE81E2C240FE01700842335 /* Build configuration list for PBXNativeTarget "SettingsTestApp" */;
			buildPhases = (
				DFE81DFE240FE01600842335 /* Sources */,
				DFE81DFF240FE01600842335 /* Frameworks */,
				DFE81E00240FE01600842335 /* Resources */,
			);
			buildRules = (
			);
			dependencies = (
			);
			name = SettingsTestApp;
			productName = SettingsTestApp;
			productReference = DFE81E02240FE01600842335 /* SettingsTestApp.app */;
			productType = "com.apple.product-type.application";
		};
/* End PBXNativeTarget section */

/* Begin PBXProject section */
		DFE81DFA240FE01600842335 /* Project object */ = {
			isa = PBXProject;
			attributes = {
				LastSwiftUpdateCheck = 1130;
				LastUpgradeCheck = 1130;
				ORGANIZATIONNAME = vinsol;
				TargetAttributes = {
					DFE81E01240FE01600842335 = {
						CreatedOnToolsVersion = 11.3.1;
					};
				};
			};
			buildConfigurationList = DFE81DFD240FE01600842335 /* Build configuration list for PBXProject "SettingsTestApp" */;
			compatibilityVersion = "Xcode 9.3";
			developmentRegion = en;
			hasScannedForEncodings = 0;
			knownRegions = (
				en,
				Base,
			);
			mainGroup = DFE81DF9240FE01600842335;
			productRefGroup = DFE81E03240FE01600842335 /* Products */;
			projectDirPath = "";
			projectRoot = "";
			targets = (
				DFE81E01240FE01600842335 /* SettingsTestApp */,
			);
		};
/* End PBXProject section */

/* Begin PBXResourcesBuildPhase section */
		DFE81E00240FE01600842335 /* Resources */ = {
			isa = PBXResourcesBuildPhase;
			buildActionMask = 2147483647;
			files = (
				DF828EF9243365D6001B9743 /* DetailNavigableTableViewCell.xib in Resources */,
				DFE81E12240FE01600842335 /* LaunchScreen.storyboard in Resources */,
				DF828EFF24336639001B9743 /* DetailSelectionTableViewCell.xib in Resources */,
				DFE81E0F240FE01600842335 /* Assets.xcassets in Resources */,
				DF828EFB243365F0001B9743 /* DetailTextTableViewCell.xib in Resources */,
				DF828EF7243365A0001B9743 /* DetailSwitchTableViewCell.xib in Resources */,
				DF828EFD2433661E001B9743 /* DetailSliderTableViewCell.xib in Resources */,
				DFE81E0D240FE01600842335 /* Main.storyboard in Resources */,
			);
			runOnlyForDeploymentPostprocessing = 0;
		};
/* End PBXResourcesBuildPhase section */

/* Begin PBXSourcesBuildPhase section */
		DFE81DFE240FE01600842335 /* Sources */ = {
			isa = PBXSourcesBuildPhase;
			buildActionMask = 2147483647;
			files = (
				DF8390C42410EC06006705A9 /* DetailSliderTableViewCell.swift in Sources */,
				DFE81E0A240FE01600842335 /* MasterViewController.swift in Sources */,
				DF8390BC2410EA34006705A9 /* CustomSplitViewController.swift in Sources */,
				DF4A87AA240FF5F00064A9D8 /* MasterNavigableTableViewCell.swift in Sources */,
				DF8390C22410EBEB006705A9 /* DetailTextTableViewCell.swift in Sources */,
				DFE81E06240FE01600842335 /* AppDelegate.swift in Sources */,
				DF8390BE2410EB4A006705A9 /* DetailSwitchTableViewCell.swift in Sources */,
				DFE81E43240FF06200842335 /* RandomColorView.swift in Sources */,
				DFE81E08240FE01600842335 /* SceneDelegate.swift in Sources */,
				DFE81E40240FF03600842335 /* MasterSwitchTableViewCell.swift in Sources */,
				DFE81E36240FE05B00842335 /* DetailViewController.swift in Sources */,
				DF8390C62410F2AE006705A9 /* DetailSelectionTableViewCell.swift in Sources */,
				DF8390C02410EBBF006705A9 /* DetailNavigableTableViewCell.swift in Sources */,
				DFE81E38240FE08600842335 /* DataHandler.swift in Sources */,
			);
			runOnlyForDeploymentPostprocessing = 0;
		};
/* End PBXSourcesBuildPhase section */

/* Begin PBXVariantGroup section */
		DFE81E0B240FE01600842335 /* Main.storyboard */ = {
			isa = PBXVariantGroup;
			children = (
				DFE81E0C240FE01600842335 /* Base */,
			);
			name = Main.storyboard;
			sourceTree = "<group>";
		};
		DFE81E10240FE01600842335 /* LaunchScreen.storyboard */ = {
			isa = PBXVariantGroup;
			children = (
				DFE81E11240FE01600842335 /* Base */,
			);
			name = LaunchScreen.storyboard;
			sourceTree = "<group>";
		};
/* End PBXVariantGroup section */

/* Begin XCBuildConfiguration section */
		DFE81E2A240FE01700842335 /* Debug */ = {
			isa = XCBuildConfiguration;
			buildSettings = {
				ALWAYS_SEARCH_USER_PATHS = NO;
				CLANG_ANALYZER_NONNULL = YES;
				CLANG_ANALYZER_NUMBER_OBJECT_CONVERSION = YES_AGGRESSIVE;
				CLANG_CXX_LANGUAGE_STANDARD = "gnu++14";
				CLANG_CXX_LIBRARY = "libc++";
				CLANG_ENABLE_MODULES = YES;
				CLANG_ENABLE_OBJC_ARC = YES;
				CLANG_ENABLE_OBJC_WEAK = YES;
				CLANG_WARN_BLOCK_CAPTURE_AUTORELEASING = YES;
				CLANG_WARN_BOOL_CONVERSION = YES;
				CLANG_WARN_COMMA = YES;
				CLANG_WARN_CONSTANT_CONVERSION = YES;
				CLANG_WARN_DEPRECATED_OBJC_IMPLEMENTATIONS = YES;
				CLANG_WARN_DIRECT_OBJC_ISA_USAGE = YES_ERROR;
				CLANG_WARN_DOCUMENTATION_COMMENTS = YES;
				CLANG_WARN_EMPTY_BODY = YES;
				CLANG_WARN_ENUM_CONVERSION = YES;
				CLANG_WARN_INFINITE_RECURSION = YES;
				CLANG_WARN_INT_CONVERSION = YES;
				CLANG_WARN_NON_LITERAL_NULL_CONVERSION = YES;
				CLANG_WARN_OBJC_IMPLICIT_RETAIN_SELF = YES;
				CLANG_WARN_OBJC_LITERAL_CONVERSION = YES;
				CLANG_WARN_OBJC_ROOT_CLASS = YES_ERROR;
				CLANG_WARN_RANGE_LOOP_ANALYSIS = YES;
				CLANG_WARN_STRICT_PROTOTYPES = YES;
				CLANG_WARN_SUSPICIOUS_MOVE = YES;
				CLANG_WARN_UNGUARDED_AVAILABILITY = YES_AGGRESSIVE;
				CLANG_WARN_UNREACHABLE_CODE = YES;
				CLANG_WARN__DUPLICATE_METHOD_MATCH = YES;
				COPY_PHASE_STRIP = NO;
				DEBUG_INFORMATION_FORMAT = dwarf;
				ENABLE_STRICT_OBJC_MSGSEND = YES;
				ENABLE_TESTABILITY = YES;
				GCC_C_LANGUAGE_STANDARD = gnu11;
				GCC_DYNAMIC_NO_PIC = NO;
				GCC_NO_COMMON_BLOCKS = YES;
				GCC_OPTIMIZATION_LEVEL = 0;
				GCC_PREPROCESSOR_DEFINITIONS = (
					"DEBUG=1",
					"$(inherited)",
				);
				GCC_WARN_64_TO_32_BIT_CONVERSION = YES;
				GCC_WARN_ABOUT_RETURN_TYPE = YES_ERROR;
				GCC_WARN_UNDECLARED_SELECTOR = YES;
				GCC_WARN_UNINITIALIZED_AUTOS = YES_AGGRESSIVE;
				GCC_WARN_UNUSED_FUNCTION = YES;
				GCC_WARN_UNUSED_VARIABLE = YES;
				IPHONEOS_DEPLOYMENT_TARGET = 13.2;
				MTL_ENABLE_DEBUG_INFO = INCLUDE_SOURCE;
				MTL_FAST_MATH = YES;
				ONLY_ACTIVE_ARCH = YES;
				SDKROOT = iphoneos;
				SWIFT_ACTIVE_COMPILATION_CONDITIONS = DEBUG;
				SWIFT_OPTIMIZATION_LEVEL = "-Onone";
			};
			name = Debug;
		};
		DFE81E2B240FE01700842335 /* Release */ = {
			isa = XCBuildConfiguration;
			buildSettings = {
				ALWAYS_SEARCH_USER_PATHS = NO;
				CLANG_ANALYZER_NONNULL = YES;
				CLANG_ANALYZER_NUMBER_OBJECT_CONVERSION = YES_AGGRESSIVE;
				CLANG_CXX_LANGUAGE_STANDARD = "gnu++14";
				CLANG_CXX_LIBRARY = "libc++";
				CLANG_ENABLE_MODULES = YES;
				CLANG_ENABLE_OBJC_ARC = YES;
				CLANG_ENABLE_OBJC_WEAK = YES;
				CLANG_WARN_BLOCK_CAPTURE_AUTORELEASING = YES;
				CLANG_WARN_BOOL_CONVERSION = YES;
				CLANG_WARN_COMMA = YES;
				CLANG_WARN_CONSTANT_CONVERSION = YES;
				CLANG_WARN_DEPRECATED_OBJC_IMPLEMENTATIONS = YES;
				CLANG_WARN_DIRECT_OBJC_ISA_USAGE = YES_ERROR;
				CLANG_WARN_DOCUMENTATION_COMMENTS = YES;
				CLANG_WARN_EMPTY_BODY = YES;
				CLANG_WARN_ENUM_CONVERSION = YES;
				CLANG_WARN_INFINITE_RECURSION = YES;
				CLANG_WARN_INT_CONVERSION = YES;
				CLANG_WARN_NON_LITERAL_NULL_CONVERSION = YES;
				CLANG_WARN_OBJC_IMPLICIT_RETAIN_SELF = YES;
				CLANG_WARN_OBJC_LITERAL_CONVERSION = YES;
				CLANG_WARN_OBJC_ROOT_CLASS = YES_ERROR;
				CLANG_WARN_RANGE_LOOP_ANALYSIS = YES;
				CLANG_WARN_STRICT_PROTOTYPES = YES;
				CLANG_WARN_SUSPICIOUS_MOVE = YES;
				CLANG_WARN_UNGUARDED_AVAILABILITY = YES_AGGRESSIVE;
				CLANG_WARN_UNREACHABLE_CODE = YES;
				CLANG_WARN__DUPLICATE_METHOD_MATCH = YES;
				COPY_PHASE_STRIP = NO;
				DEBUG_INFORMATION_FORMAT = "dwarf-with-dsym";
				ENABLE_NS_ASSERTIONS = NO;
				ENABLE_STRICT_OBJC_MSGSEND = YES;
				GCC_C_LANGUAGE_STANDARD = gnu11;
				GCC_NO_COMMON_BLOCKS = YES;
				GCC_WARN_64_TO_32_BIT_CONVERSION = YES;
				GCC_WARN_ABOUT_RETURN_TYPE = YES_ERROR;
				GCC_WARN_UNDECLARED_SELECTOR = YES;
				GCC_WARN_UNINITIALIZED_AUTOS = YES_AGGRESSIVE;
				GCC_WARN_UNUSED_FUNCTION = YES;
				GCC_WARN_UNUSED_VARIABLE = YES;
				IPHONEOS_DEPLOYMENT_TARGET = 13.2;
				MTL_ENABLE_DEBUG_INFO = NO;
				MTL_FAST_MATH = YES;
				SDKROOT = iphoneos;
				SWIFT_COMPILATION_MODE = wholemodule;
				SWIFT_OPTIMIZATION_LEVEL = "-O";
				VALIDATE_PRODUCT = YES;
			};
			name = Release;
		};
		DFE81E2D240FE01700842335 /* Debug */ = {
			isa = XCBuildConfiguration;
			buildSettings = {
				ASSETCATALOG_COMPILER_APPICON_NAME = AppIcon;
				CODE_SIGN_STYLE = Automatic;
				DEVELOPMENT_TEAM = 2XHG2BAA6R;
				INFOPLIST_FILE = SettingsTestApp/Info.plist;
				LD_RUNPATH_SEARCH_PATHS = (
					"$(inherited)",
					"@executable_path/Frameworks",
				);
				PRODUCT_BUNDLE_IDENTIFIER = com.vinsol.SettingsTestApp;
				PRODUCT_NAME = "$(TARGET_NAME)";
				SWIFT_VERSION = 5.0;
				TARGETED_DEVICE_FAMILY = "1,2";
			};
			name = Debug;
		};
		DFE81E2E240FE01700842335 /* Release */ = {
			isa = XCBuildConfiguration;
			buildSettings = {
				ASSETCATALOG_COMPILER_APPICON_NAME = AppIcon;
				CODE_SIGN_STYLE = Automatic;
				DEVELOPMENT_TEAM = 2XHG2BAA6R;
				INFOPLIST_FILE = SettingsTestApp/Info.plist;
				LD_RUNPATH_SEARCH_PATHS = (
					"$(inherited)",
					"@executable_path/Frameworks",
				);
				PRODUCT_BUNDLE_IDENTIFIER = com.vinsol.SettingsTestApp;
				PRODUCT_NAME = "$(TARGET_NAME)";
				SWIFT_VERSION = 5.0;
				TARGETED_DEVICE_FAMILY = "1,2";
			};
			name = Release;
		};
/* End XCBuildConfiguration section */

/* Begin XCConfigurationList section */
		DFE81DFD240FE01600842335 /* Build configuration list for PBXProject "SettingsTestApp" */ = {
			isa = XCConfigurationList;
			buildConfigurations = (
				DFE81E2A240FE01700842335 /* Debug */,
				DFE81E2B240FE01700842335 /* Release */,
			);
			defaultConfigurationIsVisible = 0;
			defaultConfigurationName = Release;
		};
		DFE81E2C240FE01700842335 /* Build configuration list for PBXNativeTarget "SettingsTestApp" */ = {
			isa = XCConfigurationList;
			buildConfigurations = (
				DFE81E2D240FE01700842335 /* Debug */,
				DFE81E2E240FE01700842335 /* Release */,
			);
			defaultConfigurationIsVisible = 0;
			defaultConfigurationName = Release;
		};
/* End XCConfigurationList section */
	};
	rootObject = DFE81DFA240FE01600842335 /* Project object */;
}
