// !$*UTF8*$!
{
	archiveVersion = 1;
	classes = {
	};
	objectVersion = 50;
	objects = {

/* Begin PBXBuildFile section */
		DF74C8D924167BF200761021 /* AppDelegate.swift in Sources */ = {isa = PBXBuildFile; fileRef = DF74C8D824167BF200761021 /* AppDelegate.swift */; };
		DF74C8DB24167BF200761021 /* SceneDelegate.swift in Sources */ = {isa = PBXBuildFile; fileRef = DF74C8DA24167BF200761021 /* SceneDelegate.swift */; };
		DF74C8DD24167BF200761021 /* FirstViewController.swift in Sources */ = {isa = PBXBuildFile; fileRef = DF74C8DC24167BF200761021 /* FirstViewController.swift */; };
		DF74C8E024167BF200761021 /* Main.storyboard in Resources */ = {isa = PBXBuildFile; fileRef = DF74C8DE24167BF200761021 /* Main.storyboard */; };
		DF74C8E224167BF200761021 /* Assets.xcassets in Resources */ = {isa = PBXBuildFile; fileRef = DF74C8E124167BF200761021 /* Assets.xcassets */; };
		DF74C8E524167BF200761021 /* LaunchScreen.storyboard in Resources */ = {isa = PBXBuildFile; fileRef = DF74C8E324167BF200761021 /* LaunchScreen.storyboard */; };
		DF74C8F024167BF200761021 /* DrawerAnimationTests.swift in Sources */ = {isa = PBXBuildFile; fileRef = DF74C8EF24167BF200761021 /* DrawerAnimationTests.swift */; };
		DF74C8FB24167BF300761021 /* DrawerAnimationUITests.swift in Sources */ = {isa = PBXBuildFile; fileRef = DF74C8FA24167BF300761021 /* DrawerAnimationUITests.swift */; };
		DFA910A7241680470071AB87 /* DrawerViewController.swift in Sources */ = {isa = PBXBuildFile; fileRef = DFA910A6241680470071AB87 /* DrawerViewController.swift */; };
/* End PBXBuildFile section */

/* Begin PBXContainerItemProxy section */
		DF74C8EC24167BF200761021 /* PBXContainerItemProxy */ = {
			isa = PBXContainerItemProxy;
			containerPortal = DF74C8CD24167BF200761021 /* Project object */;
			proxyType = 1;
			remoteGlobalIDString = DF74C8D424167BF200761021;
			remoteInfo = DrawerAnimation;
		};
		DF74C8F724167BF300761021 /* PBXContainerItemProxy */ = {
			isa = PBXContainerItemProxy;
			containerPortal = DF74C8CD24167BF200761021 /* Project object */;
			proxyType = 1;
			remoteGlobalIDString = DF74C8D424167BF200761021;
			remoteInfo = DrawerAnimation;
		};
/* End PBXContainerItemProxy section */

/* Begin PBXFileReference section */
		DF74C8D524167BF200761021 /* DrawerAnimation.app */ = {isa = PBXFileReference; explicitFileType = wrapper.application; includeInIndex = 0; path = DrawerAnimation.app; sourceTree = BUILT_PRODUCTS_DIR; };
		DF74C8D824167BF200761021 /* AppDelegate.swift */ = {isa = PBXFileReference; lastKnownFileType = sourcecode.swift; path = AppDelegate.swift; sourceTree = "<group>"; };
		DF74C8DA24167BF200761021 /* SceneDelegate.swift */ = {isa = PBXFileReference; lastKnownFileType = sourcecode.swift; path = SceneDelegate.swift; sourceTree = "<group>"; };
		DF74C8DC24167BF200761021 /* FirstViewController.swift */ = {isa = PBXFileReference; lastKnownFileType = sourcecode.swift; path = FirstViewController.swift; sourceTree = "<group>"; };
		DF74C8DF24167BF200761021 /* Base */ = {isa = PBXFileReference; lastKnownFileType = file.storyboard; name = Base; path = Base.lproj/Main.storyboard; sourceTree = "<group>"; };
		DF74C8E124167BF200761021 /* Assets.xcassets */ = {isa = PBXFileReference; lastKnownFileType = folder.assetcatalog; path = Assets.xcassets; sourceTree = "<group>"; };
		DF74C8E424167BF200761021 /* Base */ = {isa = PBXFileReference; lastKnownFileType = file.storyboard; name = Base; path = Base.lproj/LaunchScreen.storyboard; sourceTree = "<group>"; };
		DF74C8E624167BF200761021 /* Info.plist */ = {isa = PBXFileReference; lastKnownFileType = text.plist.xml; path = Info.plist; sourceTree = "<group>"; };
		DF74C8EB24167BF200761021 /* DrawerAnimationTests.xctest */ = {isa = PBXFileReference; explicitFileType = wrapper.cfbundle; includeInIndex = 0; path = DrawerAnimationTests.xctest; sourceTree = BUILT_PRODUCTS_DIR; };
		DF74C8EF24167BF200761021 /* DrawerAnimationTests.swift */ = {isa = PBXFileReference; lastKnownFileType = sourcecode.swift; path = DrawerAnimationTests.swift; sourceTree = "<group>"; };
		DF74C8F124167BF200761021 /* Info.plist */ = {isa = PBXFileReference; lastKnownFileType = text.plist.xml; path = Info.plist; sourceTree = "<group>"; };
		DF74C8F624167BF300761021 /* DrawerAnimationUITests.xctest */ = {isa = PBXFileReference; explicitFileType = wrapper.cfbundle; includeInIndex = 0; path = DrawerAnimationUITests.xctest; sourceTree = BUILT_PRODUCTS_DIR; };
		DF74C8FA24167BF300761021 /* DrawerAnimationUITests.swift */ = {isa = PBXFileReference; lastKnownFileType = sourcecode.swift; path = DrawerAnimationUITests.swift; sourceTree = "<group>"; };
		DF74C8FC24167BF300761021 /* Info.plist */ = {isa = PBXFileReference; lastKnownFileType = text.plist.xml; path = Info.plist; sourceTree = "<group>"; };
		DFA910A6241680470071AB87 /* DrawerViewController.swift */ = {isa = PBXFileReference; lastKnownFileType = sourcecode.swift; path = DrawerViewController.swift; sourceTree = "<group>"; };
/* End PBXFileReference section */

/* Begin PBXFrameworksBuildPhase section */
		DF74C8D224167BF200761021 /* Frameworks */ = {
			isa = PBXFrameworksBuildPhase;
			buildActionMask = 2147483647;
			files = (
			);
			runOnlyForDeploymentPostprocessing = 0;
		};
		DF74C8E824167BF200761021 /* Frameworks */ = {
			isa = PBXFrameworksBuildPhase;
			buildActionMask = 2147483647;
			files = (
			);
			runOnlyForDeploymentPostprocessing = 0;
		};
		DF74C8F324167BF300761021 /* Frameworks */ = {
			isa = PBXFrameworksBuildPhase;
			buildActionMask = 2147483647;
			files = (
			);
			runOnlyForDeploymentPostprocessing = 0;
		};
/* End PBXFrameworksBuildPhase section */

/* Begin PBXGroup section */
		DF74C8CC24167BF200761021 = {
			isa = PBXGroup;
			children = (
				DF74C8D724167BF200761021 /* DrawerAnimation */,
				DF74C8EE24167BF200761021 /* DrawerAnimationTests */,
				DF74C8F924167BF300761021 /* DrawerAnimationUITests */,
				DF74C8D624167BF200761021 /* Products */,
			);
			sourceTree = "<group>";
		};
		DF74C8D624167BF200761021 /* Products */ = {
			isa = PBXGroup;
			children = (
				DF74C8D524167BF200761021 /* DrawerAnimation.app */,
				DF74C8EB24167BF200761021 /* DrawerAnimationTests.xctest */,
				DF74C8F624167BF300761021 /* DrawerAnimationUITests.xctest */,
			);
			name = Products;
			sourceTree = "<group>";
		};
		DF74C8D724167BF200761021 /* DrawerAnimation */ = {
			isa = PBXGroup;
			children = (
				DF74C8D824167BF200761021 /* AppDelegate.swift */,
				DF74C8DA24167BF200761021 /* SceneDelegate.swift */,
				DF74C8DC24167BF200761021 /* FirstViewController.swift */,
				DF74C8DE24167BF200761021 /* Main.storyboard */,
				DF74C8E124167BF200761021 /* Assets.xcassets */,
				DF74C8E324167BF200761021 /* LaunchScreen.storyboard */,
				DF74C8E624167BF200761021 /* Info.plist */,
				DFA910A6241680470071AB87 /* DrawerViewController.swift */,
			);
			path = DrawerAnimation;
			sourceTree = "<group>";
		};
		DF74C8EE24167BF200761021 /* DrawerAnimationTests */ = {
			isa = PBXGroup;
			children = (
				DF74C8EF24167BF200761021 /* DrawerAnimationTests.swift */,
				DF74C8F124167BF200761021 /* Info.plist */,
			);
			path = DrawerAnimationTests;
			sourceTree = "<group>";
		};
		DF74C8F924167BF300761021 /* DrawerAnimationUITests */ = {
			isa = PBXGroup;
			children = (
				DF74C8FA24167BF300761021 /* DrawerAnimationUITests.swift */,
				DF74C8FC24167BF300761021 /* Info.plist */,
			);
			path = DrawerAnimationUITests;
			sourceTree = "<group>";
		};
/* End PBXGroup section */

/* Begin PBXNativeTarget section */
		DF74C8D424167BF200761021 /* DrawerAnimation */ = {
			isa = PBXNativeTarget;
			buildConfigurationList = DF74C8FF24167BF300761021 /* Build configuration list for PBXNativeTarget "DrawerAnimation" */;
			buildPhases = (
				DF74C8D124167BF200761021 /* Sources */,
				DF74C8D224167BF200761021 /* Frameworks */,
				DF74C8D324167BF200761021 /* Resources */,
			);
			buildRules = (
			);
			dependencies = (
			);
			name = DrawerAnimation;
			productName = DrawerAnimation;
			productReference = DF74C8D524167BF200761021 /* DrawerAnimation.app */;
			productType = "com.apple.product-type.application";
		};
		DF74C8EA24167BF200761021 /* DrawerAnimationTests */ = {
			isa = PBXNativeTarget;
			buildConfigurationList = DF74C90224167BF300761021 /* Build configuration list for PBXNativeTarget "DrawerAnimationTests" */;
			buildPhases = (
				DF74C8E724167BF200761021 /* Sources */,
				DF74C8E824167BF200761021 /* Frameworks */,
				DF74C8E924167BF200761021 /* Resources */,
			);
			buildRules = (
			);
			dependencies = (
				DF74C8ED24167BF200761021 /* PBXTargetDependency */,
			);
			name = DrawerAnimationTests;
			productName = DrawerAnimationTests;
			productReference = DF74C8EB24167BF200761021 /* DrawerAnimationTests.xctest */;
			productType = "com.apple.product-type.bundle.unit-test";
		};
		DF74C8F524167BF300761021 /* DrawerAnimationUITests */ = {
			isa = PBXNativeTarget;
			buildConfigurationList = DF74C90524167BF300761021 /* Build configuration list for PBXNativeTarget "DrawerAnimationUITests" */;
			buildPhases = (
				DF74C8F224167BF300761021 /* Sources */,
				DF74C8F324167BF300761021 /* Frameworks */,
				DF74C8F424167BF300761021 /* Resources */,
			);
			buildRules = (
			);
			dependencies = (
				DF74C8F824167BF300761021 /* PBXTargetDependency */,
			);
			name = DrawerAnimationUITests;
			productName = DrawerAnimationUITests;
			productReference = DF74C8F624167BF300761021 /* DrawerAnimationUITests.xctest */;
			productType = "com.apple.product-type.bundle.ui-testing";
		};
/* End PBXNativeTarget section */

/* Begin PBXProject section */
		DF74C8CD24167BF200761021 /* Project object */ = {
			isa = PBXProject;
			attributes = {
				LastSwiftUpdateCheck = 1130;
				LastUpgradeCheck = 1130;
				ORGANIZATIONNAME = vinsol;
				TargetAttributes = {
					DF74C8D424167BF200761021 = {
						CreatedOnToolsVersion = 11.3.1;
					};
					DF74C8EA24167BF200761021 = {
						CreatedOnToolsVersion = 11.3.1;
						TestTargetID = DF74C8D424167BF200761021;
					};
					DF74C8F524167BF300761021 = {
						CreatedOnToolsVersion = 11.3.1;
						TestTargetID = DF74C8D424167BF200761021;
					};
				};
			};
			buildConfigurationList = DF74C8D024167BF200761021 /* Build configuration list for PBXProject "DrawerAnimation" */;
			compatibilityVersion = "Xcode 9.3";
			developmentRegion = en;
			hasScannedForEncodings = 0;
			knownRegions = (
				en,
				Base,
			);
			mainGroup = DF74C8CC24167BF200761021;
			productRefGroup = DF74C8D624167BF200761021 /* Products */;
			projectDirPath = "";
			projectRoot = "";
			targets = (
				DF74C8D424167BF200761021 /* DrawerAnimation */,
				DF74C8EA24167BF200761021 /* DrawerAnimationTests */,
				DF74C8F524167BF300761021 /* DrawerAnimationUITests */,
			);
		};
/* End PBXProject section */

/* Begin PBXResourcesBuildPhase section */
		DF74C8D324167BF200761021 /* Resources */ = {
			isa = PBXResourcesBuildPhase;
			buildActionMask = 2147483647;
			files = (
				DF74C8E524167BF200761021 /* LaunchScreen.storyboard in Resources */,
				DF74C8E224167BF200761021 /* Assets.xcassets in Resources */,
				DF74C8E024167BF200761021 /* Main.storyboard in Resources */,
			);
			runOnlyForDeploymentPostprocessing = 0;
		};
		DF74C8E924167BF200761021 /* Resources */ = {
			isa = PBXResourcesBuildPhase;
			buildActionMask = 2147483647;
			files = (
			);
			runOnlyForDeploymentPostprocessing = 0;
		};
		DF74C8F424167BF300761021 /* Resources */ = {
			isa = PBXResourcesBuildPhase;
			buildActionMask = 2147483647;
			files = (
			);
			runOnlyForDeploymentPostprocessing = 0;
		};
/* End PBXResourcesBuildPhase section */

/* Begin PBXSourcesBuildPhase section */
		DF74C8D124167BF200761021 /* Sources */ = {
			isa = PBXSourcesBuildPhase;
			buildActionMask = 2147483647;
			files = (
				DF74C8DD24167BF200761021 /* FirstViewController.swift in Sources */,
				DFA910A7241680470071AB87 /* DrawerViewController.swift in Sources */,
				DF74C8D924167BF200761021 /* AppDelegate.swift in Sources */,
				DF74C8DB24167BF200761021 /* SceneDelegate.swift in Sources */,
			);
			runOnlyForDeploymentPostprocessing = 0;
		};
		DF74C8E724167BF200761021 /* Sources */ = {
			isa = PBXSourcesBuildPhase;
			buildActionMask = 2147483647;
			files = (
				DF74C8F024167BF200761021 /* DrawerAnimationTests.swift in Sources */,
			);
			runOnlyForDeploymentPostprocessing = 0;
		};
		DF74C8F224167BF300761021 /* Sources */ = {
			isa = PBXSourcesBuildPhase;
			buildActionMask = 2147483647;
			files = (
				DF74C8FB24167BF300761021 /* DrawerAnimationUITests.swift in Sources */,
			);
			runOnlyForDeploymentPostprocessing = 0;
		};
/* End PBXSourcesBuildPhase section */

/* Begin PBXTargetDependency section */
		DF74C8ED24167BF200761021 /* PBXTargetDependency */ = {
			isa = PBXTargetDependency;
			target = DF74C8D424167BF200761021 /* DrawerAnimation */;
			targetProxy = DF74C8EC24167BF200761021 /* PBXContainerItemProxy */;
		};
		DF74C8F824167BF300761021 /* PBXTargetDependency */ = {
			isa = PBXTargetDependency;
			target = DF74C8D424167BF200761021 /* DrawerAnimation */;
			targetProxy = DF74C8F724167BF300761021 /* PBXContainerItemProxy */;
		};
/* End PBXTargetDependency section */

/* Begin PBXVariantGroup section */
		DF74C8DE24167BF200761021 /* Main.storyboard */ = {
			isa = PBXVariantGroup;
			children = (
				DF74C8DF24167BF200761021 /* Base */,
			);
			name = Main.storyboard;
			sourceTree = "<group>";
		};
		DF74C8E324167BF200761021 /* LaunchScreen.storyboard */ = {
			isa = PBXVariantGroup;
			children = (
				DF74C8E424167BF200761021 /* Base */,
			);
			name = LaunchScreen.storyboard;
			sourceTree = "<group>";
		};
/* End PBXVariantGroup section */

/* Begin XCBuildConfiguration section */
		DF74C8FD24167BF300761021 /* Debug */ = {
			isa = XCBuildConfiguration;
			buildSettings = {
				ALWAYS_SEARCH_USER_PATHS = NO;
				CLANG_ANALYZER_NONNULL = YES;
				CLANG_ANALYZER_NUMBER_OBJECT_CONVERSION = YES_AGGRESSIVE;
				CLANG_CXX_LANGUAGE_STANDARD = "gnu++14";
				CLANG_CXX_LIBRARY = "libc++";
				CLANG_ENABLE_MODULES = YES;
				CLANG_ENABLE_OBJC_ARC = YES;
				CLANG_ENABLE_OBJC_WEAK = YES;
				CLANG_WARN_BLOCK_CAPTURE_AUTORELEASING = YES;
				CLANG_WARN_BOOL_CONVERSION = YES;
				CLANG_WARN_COMMA = YES;
				CLANG_WARN_CONSTANT_CONVERSION = YES;
				CLANG_WARN_DEPRECATED_OBJC_IMPLEMENTATIONS = YES;
				CLANG_WARN_DIRECT_OBJC_ISA_USAGE = YES_ERROR;
				CLANG_WARN_DOCUMENTATION_COMMENTS = YES;
				CLANG_WARN_EMPTY_BODY = YES;
				CLANG_WARN_ENUM_CONVERSION = YES;
				CLANG_WARN_INFINITE_RECURSION = YES;
				CLANG_WARN_INT_CONVERSION = YES;
				CLANG_WARN_NON_LITERAL_NULL_CONVERSION = YES;
				CLANG_WARN_OBJC_IMPLICIT_RETAIN_SELF = YES;
				CLANG_WARN_OBJC_LITERAL_CONVERSION = YES;
				CLANG_WARN_OBJC_ROOT_CLASS = YES_ERROR;
				CLANG_WARN_RANGE_LOOP_ANALYSIS = YES;
				CLANG_WARN_STRICT_PROTOTYPES = YES;
				CLANG_WARN_SUSPICIOUS_MOVE = YES;
				CLANG_WARN_UNGUARDED_AVAILABILITY = YES_AGGRESSIVE;
				CLANG_WARN_UNREACHABLE_CODE = YES;
				CLANG_WARN__DUPLICATE_METHOD_MATCH = YES;
				COPY_PHASE_STRIP = NO;
				DEBUG_INFORMATION_FORMAT = dwarf;
				ENABLE_STRICT_OBJC_MSGSEND = YES;
				ENABLE_TESTABILITY = YES;
				GCC_C_LANGUAGE_STANDARD = gnu11;
				GCC_DYNAMIC_NO_PIC = NO;
				GCC_NO_COMMON_BLOCKS = YES;
				GCC_OPTIMIZATION_LEVEL = 0;
				GCC_PREPROCESSOR_DEFINITIONS = (
					"DEBUG=1",
					"$(inherited)",
				);
				GCC_WARN_64_TO_32_BIT_CONVERSION = YES;
				GCC_WARN_ABOUT_RETURN_TYPE = YES_ERROR;
				GCC_WARN_UNDECLARED_SELECTOR = YES;
				GCC_WARN_UNINITIALIZED_AUTOS = YES_AGGRESSIVE;
				GCC_WARN_UNUSED_FUNCTION = YES;
				GCC_WARN_UNUSED_VARIABLE = YES;
				IPHONEOS_DEPLOYMENT_TARGET = 13.2;
				MTL_ENABLE_DEBUG_INFO = INCLUDE_SOURCE;
				MTL_FAST_MATH = YES;
				ONLY_ACTIVE_ARCH = YES;
				SDKROOT = iphoneos;
				SWIFT_ACTIVE_COMPILATION_CONDITIONS = DEBUG;
				SWIFT_OPTIMIZATION_LEVEL = "-Onone";
			};
			name = Debug;
		};
		DF74C8FE24167BF300761021 /* Release */ = {
			isa = XCBuildConfiguration;
			buildSettings = {
				ALWAYS_SEARCH_USER_PATHS = NO;
				CLANG_ANALYZER_NONNULL = YES;
				CLANG_ANALYZER_NUMBER_OBJECT_CONVERSION = YES_AGGRESSIVE;
				CLANG_CXX_LANGUAGE_STANDARD = "gnu++14";
				CLANG_CXX_LIBRARY = "libc++";
				CLANG_ENABLE_MODULES = YES;
				CLANG_ENABLE_OBJC_ARC = YES;
				CLANG_ENABLE_OBJC_WEAK = YES;
				CLANG_WARN_BLOCK_CAPTURE_AUTORELEASING = YES;
				CLANG_WARN_BOOL_CONVERSION = YES;
				CLANG_WARN_COMMA = YES;
				CLANG_WARN_CONSTANT_CONVERSION = YES;
				CLANG_WARN_DEPRECATED_OBJC_IMPLEMENTATIONS = YES;
				CLANG_WARN_DIRECT_OBJC_ISA_USAGE = YES_ERROR;
				CLANG_WARN_DOCUMENTATION_COMMENTS = YES;
				CLANG_WARN_EMPTY_BODY = YES;
				CLANG_WARN_ENUM_CONVERSION = YES;
				CLANG_WARN_INFINITE_RECURSION = YES;
				CLANG_WARN_INT_CONVERSION = YES;
				CLANG_WARN_NON_LITERAL_NULL_CONVERSION = YES;
				CLANG_WARN_OBJC_IMPLICIT_RETAIN_SELF = YES;
				CLANG_WARN_OBJC_LITERAL_CONVERSION = YES;
				CLANG_WARN_OBJC_ROOT_CLASS = YES_ERROR;
				CLANG_WARN_RANGE_LOOP_ANALYSIS = YES;
				CLANG_WARN_STRICT_PROTOTYPES = YES;
				CLANG_WARN_SUSPICIOUS_MOVE = YES;
				CLANG_WARN_UNGUARDED_AVAILABILITY = YES_AGGRESSIVE;
				CLANG_WARN_UNREACHABLE_CODE = YES;
				CLANG_WARN__DUPLICATE_METHOD_MATCH = YES;
				COPY_PHASE_STRIP = NO;
				DEBUG_INFORMATION_FORMAT = "dwarf-with-dsym";
				ENABLE_NS_ASSERTIONS = NO;
				ENABLE_STRICT_OBJC_MSGSEND = YES;
				GCC_C_LANGUAGE_STANDARD = gnu11;
				GCC_NO_COMMON_BLOCKS = YES;
				GCC_WARN_64_TO_32_BIT_CONVERSION = YES;
				GCC_WARN_ABOUT_RETURN_TYPE = YES_ERROR;
				GCC_WARN_UNDECLARED_SELECTOR = YES;
				GCC_WARN_UNINITIALIZED_AUTOS = YES_AGGRESSIVE;
				GCC_WARN_UNUSED_FUNCTION = YES;
				GCC_WARN_UNUSED_VARIABLE = YES;
				IPHONEOS_DEPLOYMENT_TARGET = 13.2;
				MTL_ENABLE_DEBUG_INFO = NO;
				MTL_FAST_MATH = YES;
				SDKROOT = iphoneos;
				SWIFT_COMPILATION_MODE = wholemodule;
				SWIFT_OPTIMIZATION_LEVEL = "-O";
				VALIDATE_PRODUCT = YES;
			};
			name = Release;
		};
		DF74C90024167BF300761021 /* Debug */ = {
			isa = XCBuildConfiguration;
			buildSettings = {
				ASSETCATALOG_COMPILER_APPICON_NAME = AppIcon;
				CODE_SIGN_STYLE = Automatic;
				DEVELOPMENT_TEAM = 2XHG2BAA6R;
				INFOPLIST_FILE = DrawerAnimation/Info.plist;
				LD_RUNPATH_SEARCH_PATHS = (
					"$(inherited)",
					"@executable_path/Frameworks",
				);
				PRODUCT_BUNDLE_IDENTIFIER = com.vinsol.DrawerAnimation;
				PRODUCT_NAME = "$(TARGET_NAME)";
				SWIFT_VERSION = 5.0;
				TARGETED_DEVICE_FAMILY = "1,2";
			};
			name = Debug;
		};
		DF74C90124167BF300761021 /* Release */ = {
			isa = XCBuildConfiguration;
			buildSettings = {
				ASSETCATALOG_COMPILER_APPICON_NAME = AppIcon;
				CODE_SIGN_STYLE = Automatic;
				DEVELOPMENT_TEAM = 2XHG2BAA6R;
				INFOPLIST_FILE = DrawerAnimation/Info.plist;
				LD_RUNPATH_SEARCH_PATHS = (
					"$(inherited)",
					"@executable_path/Frameworks",
				);
				PRODUCT_BUNDLE_IDENTIFIER = com.vinsol.DrawerAnimation;
				PRODUCT_NAME = "$(TARGET_NAME)";
				SWIFT_VERSION = 5.0;
				TARGETED_DEVICE_FAMILY = "1,2";
			};
			name = Release;
		};
		DF74C90324167BF300761021 /* Debug */ = {
			isa = XCBuildConfiguration;
			buildSettings = {
				ALWAYS_EMBED_SWIFT_STANDARD_LIBRARIES = YES;
				BUNDLE_LOADER = "$(TEST_HOST)";
				CODE_SIGN_STYLE = Automatic;
				DEVELOPMENT_TEAM = 2XHG2BAA6R;
				INFOPLIST_FILE = DrawerAnimationTests/Info.plist;
				IPHONEOS_DEPLOYMENT_TARGET = 13.2;
				LD_RUNPATH_SEARCH_PATHS = (
					"$(inherited)",
					"@executable_path/Frameworks",
					"@loader_path/Frameworks",
				);
				PRODUCT_BUNDLE_IDENTIFIER = com.vinsol.DrawerAnimationTests;
				PRODUCT_NAME = "$(TARGET_NAME)";
				SWIFT_VERSION = 5.0;
				TARGETED_DEVICE_FAMILY = "1,2";
				TEST_HOST = "$(BUILT_PRODUCTS_DIR)/DrawerAnimation.app/DrawerAnimation";
			};
			name = Debug;
		};
		DF74C90424167BF300761021 /* Release */ = {
			isa = XCBuildConfiguration;
			buildSettings = {
				ALWAYS_EMBED_SWIFT_STANDARD_LIBRARIES = YES;
				BUNDLE_LOADER = "$(TEST_HOST)";
				CODE_SIGN_STYLE = Automatic;
				DEVELOPMENT_TEAM = 2XHG2BAA6R;
				INFOPLIST_FILE = DrawerAnimationTests/Info.plist;
				IPHONEOS_DEPLOYMENT_TARGET = 13.2;
				LD_RUNPATH_SEARCH_PATHS = (
					"$(inherited)",
					"@executable_path/Frameworks",
					"@loader_path/Frameworks",
				);
				PRODUCT_BUNDLE_IDENTIFIER = com.vinsol.DrawerAnimationTests;
				PRODUCT_NAME = "$(TARGET_NAME)";
				SWIFT_VERSION = 5.0;
				TARGETED_DEVICE_FAMILY = "1,2";
				TEST_HOST = "$(BUILT_PRODUCTS_DIR)/DrawerAnimation.app/DrawerAnimation";
			};
			name = Release;
		};
		DF74C90624167BF300761021 /* Debug */ = {
			isa = XCBuildConfiguration;
			buildSettings = {
				ALWAYS_EMBED_SWIFT_STANDARD_LIBRARIES = YES;
				CODE_SIGN_STYLE = Automatic;
				DEVELOPMENT_TEAM = 2XHG2BAA6R;
				INFOPLIST_FILE = DrawerAnimationUITests/Info.plist;
				LD_RUNPATH_SEARCH_PATHS = (
					"$(inherited)",
					"@executable_path/Frameworks",
					"@loader_path/Frameworks",
				);
				PRODUCT_BUNDLE_IDENTIFIER = com.vinsol.DrawerAnimationUITests;
				PRODUCT_NAME = "$(TARGET_NAME)";
				SWIFT_VERSION = 5.0;
				TARGETED_DEVICE_FAMILY = "1,2";
				TEST_TARGET_NAME = DrawerAnimation;
			};
			name = Debug;
		};
		DF74C90724167BF300761021 /* Release */ = {
			isa = XCBuildConfiguration;
			buildSettings = {
				ALWAYS_EMBED_SWIFT_STANDARD_LIBRARIES = YES;
				CODE_SIGN_STYLE = Automatic;
				DEVELOPMENT_TEAM = 2XHG2BAA6R;
				INFOPLIST_FILE = DrawerAnimationUITests/Info.plist;
				LD_RUNPATH_SEARCH_PATHS = (
					"$(inherited)",
					"@executable_path/Frameworks",
					"@loader_path/Frameworks",
				);
				PRODUCT_BUNDLE_IDENTIFIER = com.vinsol.DrawerAnimationUITests;
				PRODUCT_NAME = "$(TARGET_NAME)";
				SWIFT_VERSION = 5.0;
				TARGETED_DEVICE_FAMILY = "1,2";
				TEST_TARGET_NAME = DrawerAnimation;
			};
			name = Release;
		};
/* End XCBuildConfiguration section */

/* Begin XCConfigurationList section */
		DF74C8D024167BF200761021 /* Build configuration list for PBXProject "DrawerAnimation" */ = {
			isa = XCConfigurationList;
			buildConfigurations = (
				DF74C8FD24167BF300761021 /* Debug */,
				DF74C8FE24167BF300761021 /* Release */,
			);
			defaultConfigurationIsVisible = 0;
			defaultConfigurationName = Release;
		};
		DF74C8FF24167BF300761021 /* Build configuration list for PBXNativeTarget "DrawerAnimation" */ = {
			isa = XCConfigurationList;
			buildConfigurations = (
				DF74C90024167BF300761021 /* Debug */,
				DF74C90124167BF300761021 /* Release */,
			);
			defaultConfigurationIsVisible = 0;
			defaultConfigurationName = Release;
		};
		DF74C90224167BF300761021 /* Build configuration list for PBXNativeTarget "DrawerAnimationTests" */ = {
			isa = XCConfigurationList;
			buildConfigurations = (
				DF74C90324167BF300761021 /* Debug */,
				DF74C90424167BF300761021 /* Release */,
			);
			defaultConfigurationIsVisible = 0;
			defaultConfigurationName = Release;
		};
		DF74C90524167BF300761021 /* Build configuration list for PBXNativeTarget "DrawerAnimationUITests" */ = {
			isa = XCConfigurationList;
			buildConfigurations = (
				DF74C90624167BF300761021 /* Debug */,
				DF74C90724167BF300761021 /* Release */,
			);
			defaultConfigurationIsVisible = 0;
			defaultConfigurationName = Release;
		};
/* End XCConfigurationList section */
	};
	rootObject = DF74C8CD24167BF200761021 /* Project object */;
}
