// !$*UTF8*$!
{
	archiveVersion = 1;
	classes = {
	};
	objectVersion = 50;
	objects = {

/* Begin PBXBuildFile section */
		DF1004372445F8AB00AA37C7 /* Calculator.swift in Sources */ = {isa = PBXBuildFile; fileRef = DF1004362445F8AB00AA37C7 /* Calculator.swift */; };
		DF2ECDC024123AF300B261E1 /* RoundButton.swift in Sources */ = {isa = PBXBuildFile; fileRef = DF2ECDBF24123AF300B261E1 /* RoundButton.swift */; };
		DF3124142449DA38001C4CC6 /* String+Extension.swift in Sources */ = {isa = PBXBuildFile; fileRef = DF3124132449DA38001C4CC6 /* String+Extension.swift */; };
		DF3124162449DA49001C4CC6 /* Double+Extension.swift in Sources */ = {isa = PBXBuildFile; fileRef = DF3124152449DA49001C4CC6 /* Double+Extension.swift */; };
		DF31241D2449DB4E001C4CC6 /* Enums.swift in Sources */ = {isa = PBXBuildFile; fileRef = DF31241C2449DB4E001C4CC6 /* Enums.swift */; };
		DFF0377B241131E600D2B249 /* AppDelegate.swift in Sources */ = {isa = PBXBuildFile; fileRef = DFF0377A241131E600D2B249 /* AppDelegate.swift */; };
		DFF0377D241131E600D2B249 /* SceneDelegate.swift in Sources */ = {isa = PBXBuildFile; fileRef = DFF0377C241131E600D2B249 /* SceneDelegate.swift */; };
		DFF0377F241131E600D2B249 /* ViewController.swift in Sources */ = {isa = PBXBuildFile; fileRef = DFF0377E241131E600D2B249 /* ViewController.swift */; };
		DFF03782241131E600D2B249 /* Main.storyboard in Resources */ = {isa = PBXBuildFile; fileRef = DFF03780241131E600D2B249 /* Main.storyboard */; };
		DFF03784241131E700D2B249 /* Assets.xcassets in Resources */ = {isa = PBXBuildFile; fileRef = DFF03783241131E700D2B249 /* Assets.xcassets */; };
		DFF03787241131E700D2B249 /* LaunchScreen.storyboard in Resources */ = {isa = PBXBuildFile; fileRef = DFF03785241131E700D2B249 /* LaunchScreen.storyboard */; };
		DFF3184624249DE6002F0B99 /* ButtonView.swift in Sources */ = {isa = PBXBuildFile; fileRef = DFF3184524249DE6002F0B99 /* ButtonView.swift */; };
		DFF3184824249DF1002F0B99 /* ButtonView.xib in Resources */ = {isa = PBXBuildFile; fileRef = DFF3184724249DF1002F0B99 /* ButtonView.xib */; };
/* End PBXBuildFile section */

/* Begin PBXFileReference section */
		DF1004362445F8AB00AA37C7 /* Calculator.swift */ = {isa = PBXFileReference; lastKnownFileType = sourcecode.swift; path = Calculator.swift; sourceTree = "<group>"; };
		DF2ECDBF24123AF300B261E1 /* RoundButton.swift */ = {isa = PBXFileReference; lastKnownFileType = sourcecode.swift; path = RoundButton.swift; sourceTree = "<group>"; };
		DF3124132449DA38001C4CC6 /* String+Extension.swift */ = {isa = PBXFileReference; lastKnownFileType = sourcecode.swift; path = "String+Extension.swift"; sourceTree = "<group>"; };
		DF3124152449DA49001C4CC6 /* Double+Extension.swift */ = {isa = PBXFileReference; lastKnownFileType = sourcecode.swift; path = "Double+Extension.swift"; sourceTree = "<group>"; };
		DF31241C2449DB4E001C4CC6 /* Enums.swift */ = {isa = PBXFileReference; lastKnownFileType = sourcecode.swift; path = Enums.swift; sourceTree = "<group>"; };
		DFF03777241131E600D2B249 /* Calculator.app */ = {isa = PBXFileReference; explicitFileType = wrapper.application; includeInIndex = 0; path = Calculator.app; sourceTree = BUILT_PRODUCTS_DIR; };
		DFF0377A241131E600D2B249 /* AppDelegate.swift */ = {isa = PBXFileReference; lastKnownFileType = sourcecode.swift; path = AppDelegate.swift; sourceTree = "<group>"; };
		DFF0377C241131E600D2B249 /* SceneDelegate.swift */ = {isa = PBXFileReference; lastKnownFileType = sourcecode.swift; path = SceneDelegate.swift; sourceTree = "<group>"; };
		DFF0377E241131E600D2B249 /* ViewController.swift */ = {isa = PBXFileReference; lastKnownFileType = sourcecode.swift; path = ViewController.swift; sourceTree = "<group>"; };
		DFF03781241131E600D2B249 /* Base */ = {isa = PBXFileReference; lastKnownFileType = file.storyboard; name = Base; path = Base.lproj/Main.storyboard; sourceTree = "<group>"; };
		DFF03783241131E700D2B249 /* Assets.xcassets */ = {isa = PBXFileReference; lastKnownFileType = folder.assetcatalog; path = Assets.xcassets; sourceTree = "<group>"; };
		DFF03786241131E700D2B249 /* Base */ = {isa = PBXFileReference; lastKnownFileType = file.storyboard; name = Base; path = Base.lproj/LaunchScreen.storyboard; sourceTree = "<group>"; };
		DFF03788241131E700D2B249 /* Info.plist */ = {isa = PBXFileReference; lastKnownFileType = text.plist.xml; path = Info.plist; sourceTree = "<group>"; };
		DFF3184524249DE6002F0B99 /* ButtonView.swift */ = {isa = PBXFileReference; lastKnownFileType = sourcecode.swift; path = ButtonView.swift; sourceTree = "<group>"; };
		DFF3184724249DF1002F0B99 /* ButtonView.xib */ = {isa = PBXFileReference; lastKnownFileType = file.xib; path = ButtonView.xib; sourceTree = "<group>"; };
/* End PBXFileReference section */

/* Begin PBXFrameworksBuildPhase section */
		DFF03774241131E600D2B249 /* Frameworks */ = {
			isa = PBXFrameworksBuildPhase;
			buildActionMask = 2147483647;
			files = (
			);
			runOnlyForDeploymentPostprocessing = 0;
		};
/* End PBXFrameworksBuildPhase section */

/* Begin PBXGroup section */
		DF31240F2449D5B2001C4CC6 /* Storyboards */ = {
			isa = PBXGroup;
			children = (
				DFF03780241131E600D2B249 /* Main.storyboard */,
			);
			path = Storyboards;
			sourceTree = "<group>";
		};
		DF3124102449D5DA001C4CC6 /* Controllers */ = {
			isa = PBXGroup;
			children = (
				DFF0377E241131E600D2B249 /* ViewController.swift */,
			);
			path = Controllers;
			sourceTree = "<group>";
		};
		DF3124112449D60B001C4CC6 /* Views */ = {
			isa = PBXGroup;
			children = (
				DF2ECDBF24123AF300B261E1 /* RoundButton.swift */,
				DFF3184524249DE6002F0B99 /* ButtonView.swift */,
				DFF3184724249DF1002F0B99 /* ButtonView.xib */,
			);
			path = Views;
			sourceTree = "<group>";
		};
		DF3124122449DA23001C4CC6 /* Extensions */ = {
			isa = PBXGroup;
			children = (
				DF3124132449DA38001C4CC6 /* String+Extension.swift */,
				DF3124152449DA49001C4CC6 /* Double+Extension.swift */,
			);
			path = Extensions;
			sourceTree = "<group>";
		};
		DF3124172449DAB5001C4CC6 /* Resources */ = {
			isa = PBXGroup;
			children = (
				DFF03783241131E700D2B249 /* Assets.xcassets */,
			);
			path = Resources;
			sourceTree = "<group>";
		};
		DF3124192449DAEF001C4CC6 /* StartUp */ = {
			isa = PBXGroup;
			children = (
				DFF0377A241131E600D2B249 /* AppDelegate.swift */,
				DFF0377C241131E600D2B249 /* SceneDelegate.swift */,
			);
			path = StartUp;
			sourceTree = "<group>";
		};
		DF31241A2449DB08001C4CC6 /* Models */ = {
			isa = PBXGroup;
			children = (
				DF31241B2449DB44001C4CC6 /* Enums */,
				DF1004362445F8AB00AA37C7 /* Calculator.swift */,
			);
			path = Models;
			sourceTree = "<group>";
		};
		DF31241B2449DB44001C4CC6 /* Enums */ = {
			isa = PBXGroup;
			children = (
				DF31241C2449DB4E001C4CC6 /* Enums.swift */,
			);
			path = Enums;
			sourceTree = "<group>";
		};
		DF31241E2449DBCC001C4CC6 /* Supporting Files */ = {
			isa = PBXGroup;
			children = (
				DFF03785241131E700D2B249 /* LaunchScreen.storyboard */,
				DFF03788241131E700D2B249 /* Info.plist */,
			);
			name = "Supporting Files";
			sourceTree = "<group>";
		};
		DFF0376E241131E600D2B249 = {
			isa = PBXGroup;
			children = (
				DFF03779241131E600D2B249 /* Calculator */,
				DFF03778241131E600D2B249 /* Products */,
			);
			sourceTree = "<group>";
		};
		DFF03778241131E600D2B249 /* Products */ = {
			isa = PBXGroup;
			children = (
				DFF03777241131E600D2B249 /* Calculator.app */,
			);
			name = Products;
			sourceTree = "<group>";
		};
		DFF03779241131E600D2B249 /* Calculator */ = {
			isa = PBXGroup;
			children = (
				DF3124192449DAEF001C4CC6 /* StartUp */,
				DF31240F2449D5B2001C4CC6 /* Storyboards */,
				DF3124102449D5DA001C4CC6 /* Controllers */,
				DF3124112449D60B001C4CC6 /* Views */,
				DF31241A2449DB08001C4CC6 /* Models */,
				DF3124172449DAB5001C4CC6 /* Resources */,
				DF3124122449DA23001C4CC6 /* Extensions */,
				DF31241E2449DBCC001C4CC6 /* Supporting Files */,
			);
			path = Calculator;
			sourceTree = "<group>";
		};
/* End PBXGroup section */

/* Begin PBXNativeTarget section */
		DFF03776241131E600D2B249 /* Calculator */ = {
			isa = PBXNativeTarget;
			buildConfigurationList = DFF037A1241131E700D2B249 /* Build configuration list for PBXNativeTarget "Calculator" */;
			buildPhases = (
				DFF03773241131E600D2B249 /* Sources */,
				DFF03774241131E600D2B249 /* Frameworks */,
				DFF03775241131E600D2B249 /* Resources */,
			);
			buildRules = (
			);
			dependencies = (
			);
			name = Calculator;
			productName = Calculator;
			productReference = DFF03777241131E600D2B249 /* Calculator.app */;
			productType = "com.apple.product-type.application";
		};
/* End PBXNativeTarget section */

/* Begin PBXProject section */
		DFF0376F241131E600D2B249 /* Project object */ = {
			isa = PBXProject;
			attributes = {
				LastSwiftUpdateCheck = 1130;
				LastUpgradeCheck = 1130;
				ORGANIZATIONNAME = vinsol;
				TargetAttributes = {
					DFF03776241131E600D2B249 = {
						CreatedOnToolsVersion = 11.3.1;
					};
				};
			};
			buildConfigurationList = DFF03772241131E600D2B249 /* Build configuration list for PBXProject "Calculator" */;
			compatibilityVersion = "Xcode 9.3";
			developmentRegion = en;
			hasScannedForEncodings = 0;
			knownRegions = (
				en,
				Base,
			);
			mainGroup = DFF0376E241131E600D2B249;
			productRefGroup = DFF03778241131E600D2B249 /* Products */;
			projectDirPath = "";
			projectRoot = "";
			targets = (
				DFF03776241131E600D2B249 /* Calculator */,
			);
		};
/* End PBXProject section */

/* Begin PBXResourcesBuildPhase section */
		DFF03775241131E600D2B249 /* Resources */ = {
			isa = PBXResourcesBuildPhase;
			buildActionMask = 2147483647;
			files = (
				DFF03787241131E700D2B249 /* LaunchScreen.storyboard in Resources */,
				DFF03784241131E700D2B249 /* Assets.xcassets in Resources */,
				DFF3184824249DF1002F0B99 /* ButtonView.xib in Resources */,
				DFF03782241131E600D2B249 /* Main.storyboard in Resources */,
			);
			runOnlyForDeploymentPostprocessing = 0;
		};
/* End PBXResourcesBuildPhase section */

/* Begin PBXSourcesBuildPhase section */
		DFF03773241131E600D2B249 /* Sources */ = {
			isa = PBXSourcesBuildPhase;
			buildActionMask = 2147483647;
			files = (
				DF2ECDC024123AF300B261E1 /* RoundButton.swift in Sources */,
				DF3124142449DA38001C4CC6 /* String+Extension.swift in Sources */,
				DFF0377F241131E600D2B249 /* ViewController.swift in Sources */,
				DFF3184624249DE6002F0B99 /* ButtonView.swift in Sources */,
				DF3124162449DA49001C4CC6 /* Double+Extension.swift in Sources */,
				DFF0377B241131E600D2B249 /* AppDelegate.swift in Sources */,
				DFF0377D241131E600D2B249 /* SceneDelegate.swift in Sources */,
				DF31241D2449DB4E001C4CC6 /* Enums.swift in Sources */,
				DF1004372445F8AB00AA37C7 /* Calculator.swift in Sources */,
			);
			runOnlyForDeploymentPostprocessing = 0;
		};
/* End PBXSourcesBuildPhase section */

/* Begin PBXVariantGroup section */
		DFF03780241131E600D2B249 /* Main.storyboard */ = {
			isa = PBXVariantGroup;
			children = (
				DFF03781241131E600D2B249 /* Base */,
			);
			name = Main.storyboard;
			sourceTree = "<group>";
		};
		DFF03785241131E700D2B249 /* LaunchScreen.storyboard */ = {
			isa = PBXVariantGroup;
			children = (
				DFF03786241131E700D2B249 /* Base */,
			);
			name = LaunchScreen.storyboard;
			sourceTree = "<group>";
		};
/* End PBXVariantGroup section */

/* Begin XCBuildConfiguration section */
		DFF0379F241131E700D2B249 /* Debug */ = {
			isa = XCBuildConfiguration;
			buildSettings = {
				ALWAYS_SEARCH_USER_PATHS = NO;
				CLANG_ANALYZER_NONNULL = YES;
				CLANG_ANALYZER_NUMBER_OBJECT_CONVERSION = YES_AGGRESSIVE;
				CLANG_CXX_LANGUAGE_STANDARD = "gnu++14";
				CLANG_CXX_LIBRARY = "libc++";
				CLANG_ENABLE_MODULES = YES;
				CLANG_ENABLE_OBJC_ARC = YES;
				CLANG_ENABLE_OBJC_WEAK = YES;
				CLANG_WARN_BLOCK_CAPTURE_AUTORELEASING = YES;
				CLANG_WARN_BOOL_CONVERSION = YES;
				CLANG_WARN_COMMA = YES;
				CLANG_WARN_CONSTANT_CONVERSION = YES;
				CLANG_WARN_DEPRECATED_OBJC_IMPLEMENTATIONS = YES;
				CLANG_WARN_DIRECT_OBJC_ISA_USAGE = YES_ERROR;
				CLANG_WARN_DOCUMENTATION_COMMENTS = YES;
				CLANG_WARN_EMPTY_BODY = YES;
				CLANG_WARN_ENUM_CONVERSION = YES;
				CLANG_WARN_INFINITE_RECURSION = YES;
				CLANG_WARN_INT_CONVERSION = YES;
				CLANG_WARN_NON_LITERAL_NULL_CONVERSION = YES;
				CLANG_WARN_OBJC_IMPLICIT_RETAIN_SELF = YES;
				CLANG_WARN_OBJC_LITERAL_CONVERSION = YES;
				CLANG_WARN_OBJC_ROOT_CLASS = YES_ERROR;
				CLANG_WARN_RANGE_LOOP_ANALYSIS = YES;
				CLANG_WARN_STRICT_PROTOTYPES = YES;
				CLANG_WARN_SUSPICIOUS_MOVE = YES;
				CLANG_WARN_UNGUARDED_AVAILABILITY = YES_AGGRESSIVE;
				CLANG_WARN_UNREACHABLE_CODE = YES;
				CLANG_WARN__DUPLICATE_METHOD_MATCH = YES;
				COPY_PHASE_STRIP = NO;
				DEBUG_INFORMATION_FORMAT = dwarf;
				ENABLE_STRICT_OBJC_MSGSEND = YES;
				ENABLE_TESTABILITY = YES;
				GCC_C_LANGUAGE_STANDARD = gnu11;
				GCC_DYNAMIC_NO_PIC = NO;
				GCC_NO_COMMON_BLOCKS = YES;
				GCC_OPTIMIZATION_LEVEL = 0;
				GCC_PREPROCESSOR_DEFINITIONS = (
					"DEBUG=1",
					"$(inherited)",
				);
				GCC_WARN_64_TO_32_BIT_CONVERSION = YES;
				GCC_WARN_ABOUT_RETURN_TYPE = YES_ERROR;
				GCC_WARN_UNDECLARED_SELECTOR = YES;
				GCC_WARN_UNINITIALIZED_AUTOS = YES_AGGRESSIVE;
				GCC_WARN_UNUSED_FUNCTION = YES;
				GCC_WARN_UNUSED_VARIABLE = YES;
				IPHONEOS_DEPLOYMENT_TARGET = 13.2;
				MTL_ENABLE_DEBUG_INFO = INCLUDE_SOURCE;
				MTL_FAST_MATH = YES;
				ONLY_ACTIVE_ARCH = YES;
				SDKROOT = iphoneos;
				SWIFT_ACTIVE_COMPILATION_CONDITIONS = DEBUG;
				SWIFT_OPTIMIZATION_LEVEL = "-Onone";
			};
			name = Debug;
		};
		DFF037A0241131E700D2B249 /* Release */ = {
			isa = XCBuildConfiguration;
			buildSettings = {
				ALWAYS_SEARCH_USER_PATHS = NO;
				CLANG_ANALYZER_NONNULL = YES;
				CLANG_ANALYZER_NUMBER_OBJECT_CONVERSION = YES_AGGRESSIVE;
				CLANG_CXX_LANGUAGE_STANDARD = "gnu++14";
				CLANG_CXX_LIBRARY = "libc++";
				CLANG_ENABLE_MODULES = YES;
				CLANG_ENABLE_OBJC_ARC = YES;
				CLANG_ENABLE_OBJC_WEAK = YES;
				CLANG_WARN_BLOCK_CAPTURE_AUTORELEASING = YES;
				CLANG_WARN_BOOL_CONVERSION = YES;
				CLANG_WARN_COMMA = YES;
				CLANG_WARN_CONSTANT_CONVERSION = YES;
				CLANG_WARN_DEPRECATED_OBJC_IMPLEMENTATIONS = YES;
				CLANG_WARN_DIRECT_OBJC_ISA_USAGE = YES_ERROR;
				CLANG_WARN_DOCUMENTATION_COMMENTS = YES;
				CLANG_WARN_EMPTY_BODY = YES;
				CLANG_WARN_ENUM_CONVERSION = YES;
				CLANG_WARN_INFINITE_RECURSION = YES;
				CLANG_WARN_INT_CONVERSION = YES;
				CLANG_WARN_NON_LITERAL_NULL_CONVERSION = YES;
				CLANG_WARN_OBJC_IMPLICIT_RETAIN_SELF = YES;
				CLANG_WARN_OBJC_LITERAL_CONVERSION = YES;
				CLANG_WARN_OBJC_ROOT_CLASS = YES_ERROR;
				CLANG_WARN_RANGE_LOOP_ANALYSIS = YES;
				CLANG_WARN_STRICT_PROTOTYPES = YES;
				CLANG_WARN_SUSPICIOUS_MOVE = YES;
				CLANG_WARN_UNGUARDED_AVAILABILITY = YES_AGGRESSIVE;
				CLANG_WARN_UNREACHABLE_CODE = YES;
				CLANG_WARN__DUPLICATE_METHOD_MATCH = YES;
				COPY_PHASE_STRIP = NO;
				DEBUG_INFORMATION_FORMAT = "dwarf-with-dsym";
				ENABLE_NS_ASSERTIONS = NO;
				ENABLE_STRICT_OBJC_MSGSEND = YES;
				GCC_C_LANGUAGE_STANDARD = gnu11;
				GCC_NO_COMMON_BLOCKS = YES;
				GCC_WARN_64_TO_32_BIT_CONVERSION = YES;
				GCC_WARN_ABOUT_RETURN_TYPE = YES_ERROR;
				GCC_WARN_UNDECLARED_SELECTOR = YES;
				GCC_WARN_UNINITIALIZED_AUTOS = YES_AGGRESSIVE;
				GCC_WARN_UNUSED_FUNCTION = YES;
				GCC_WARN_UNUSED_VARIABLE = YES;
				IPHONEOS_DEPLOYMENT_TARGET = 13.2;
				MTL_ENABLE_DEBUG_INFO = NO;
				MTL_FAST_MATH = YES;
				SDKROOT = iphoneos;
				SWIFT_COMPILATION_MODE = wholemodule;
				SWIFT_OPTIMIZATION_LEVEL = "-O";
				VALIDATE_PRODUCT = YES;
			};
			name = Release;
		};
		DFF037A2241131E700D2B249 /* Debug */ = {
			isa = XCBuildConfiguration;
			buildSettings = {
				ASSETCATALOG_COMPILER_APPICON_NAME = AppIcon;
				CODE_SIGN_STYLE = Automatic;
				DEVELOPMENT_TEAM = 2XHG2BAA6R;
				INFOPLIST_FILE = Calculator/Info.plist;
				LD_RUNPATH_SEARCH_PATHS = (
					"$(inherited)",
					"@executable_path/Frameworks",
				);
				PRODUCT_BUNDLE_IDENTIFIER = com.vinsol.Calculator;
				PRODUCT_NAME = "$(TARGET_NAME)";
				SWIFT_VERSION = 5.0;
				TARGETED_DEVICE_FAMILY = 1;
			};
			name = Debug;
		};
		DFF037A3241131E700D2B249 /* Release */ = {
			isa = XCBuildConfiguration;
			buildSettings = {
				ASSETCATALOG_COMPILER_APPICON_NAME = AppIcon;
				CODE_SIGN_STYLE = Automatic;
				DEVELOPMENT_TEAM = 2XHG2BAA6R;
				INFOPLIST_FILE = Calculator/Info.plist;
				LD_RUNPATH_SEARCH_PATHS = (
					"$(inherited)",
					"@executable_path/Frameworks",
				);
				PRODUCT_BUNDLE_IDENTIFIER = com.vinsol.Calculator;
				PRODUCT_NAME = "$(TARGET_NAME)";
				SWIFT_VERSION = 5.0;
				TARGETED_DEVICE_FAMILY = 1;
			};
			name = Release;
		};
/* End XCBuildConfiguration section */

/* Begin XCConfigurationList section */
		DFF03772241131E600D2B249 /* Build configuration list for PBXProject "Calculator" */ = {
			isa = XCConfigurationList;
			buildConfigurations = (
				DFF0379F241131E700D2B249 /* Debug */,
				DFF037A0241131E700D2B249 /* Release */,
			);
			defaultConfigurationIsVisible = 0;
			defaultConfigurationName = Release;
		};
		DFF037A1241131E700D2B249 /* Build configuration list for PBXNativeTarget "Calculator" */ = {
			isa = XCConfigurationList;
			buildConfigurations = (
				DFF037A2241131E700D2B249 /* Debug */,
				DFF037A3241131E700D2B249 /* Release */,
			);
			defaultConfigurationIsVisible = 0;
			defaultConfigurationName = Release;
		};
/* End XCConfigurationList section */
	};
	rootObject = DFF0376F241131E600D2B249 /* Project object */;
}
