// !$*UTF8*$!
{
	archiveVersion = 1;
	classes = {
	};
	objectVersion = 50;
	objects = {

/* Begin PBXBuildFile section */
		DF0B5BAA241A402D005D5FD7 /* DataHandler.swift in Sources */ = {isa = PBXBuildFile; fileRef = DF0B5BA9241A402D005D5FD7 /* DataHandler.swift */; };
		DF50A9342449FC3300BD8E0E /* Enums.swift in Sources */ = {isa = PBXBuildFile; fileRef = DF50A9332449FC3300BD8E0E /* Enums.swift */; };
		DF50A9362449FCBA00BD8E0E /* CustomPin.swift in Sources */ = {isa = PBXBuildFile; fileRef = DF50A9352449FCBA00BD8E0E /* CustomPin.swift */; };
		DF50A9392449FCF600BD8E0E /* String+Extension.swift in Sources */ = {isa = PBXBuildFile; fileRef = DF50A9382449FCF600BD8E0E /* String+Extension.swift */; };
		DF50A93B2449FE3B00BD8E0E /* MyMKCircle.swift in Sources */ = {isa = PBXBuildFile; fileRef = DF50A93A2449FE3B00BD8E0E /* MyMKCircle.swift */; };
		DF698A6B2418CBA2006BC93E /* AppDelegate.swift in Sources */ = {isa = PBXBuildFile; fileRef = DF698A6A2418CBA2006BC93E /* AppDelegate.swift */; };
		DF698A6D2418CBA2006BC93E /* SceneDelegate.swift in Sources */ = {isa = PBXBuildFile; fileRef = DF698A6C2418CBA2006BC93E /* SceneDelegate.swift */; };
		DF698A6F2418CBA2006BC93E /* AddViewController.swift in Sources */ = {isa = PBXBuildFile; fileRef = DF698A6E2418CBA2006BC93E /* AddViewController.swift */; };
		DF698A722418CBA2006BC93E /* Main.storyboard in Resources */ = {isa = PBXBuildFile; fileRef = DF698A702418CBA2006BC93E /* Main.storyboard */; };
		DF698A752418CBA2006BC93E /* geoFencingExercise.xcdatamodeld in Sources */ = {isa = PBXBuildFile; fileRef = DF698A732418CBA2006BC93E /* geoFencingExercise.xcdatamodeld */; };
		DF698A772418CBA3006BC93E /* Assets.xcassets in Resources */ = {isa = PBXBuildFile; fileRef = DF698A762418CBA3006BC93E /* Assets.xcassets */; };
		DF698A7A2418CBA3006BC93E /* LaunchScreen.storyboard in Resources */ = {isa = PBXBuildFile; fileRef = DF698A782418CBA3006BC93E /* LaunchScreen.storyboard */; };
		DF698A9E2418CC0F006BC93E /* MainViewController.swift in Sources */ = {isa = PBXBuildFile; fileRef = DF698A9D2418CC0F006BC93E /* MainViewController.swift */; };
		DF97B5D72440C0BF00678536 /* MonitoredRegions+CoreDataClass.swift in Sources */ = {isa = PBXBuildFile; fileRef = DF97B5D52440C0BF00678536 /* MonitoredRegions+CoreDataClass.swift */; };
		DF97B5D82440C0BF00678536 /* MonitoredRegions+CoreDataProperties.swift in Sources */ = {isa = PBXBuildFile; fileRef = DF97B5D62440C0BF00678536 /* MonitoredRegions+CoreDataProperties.swift */; };
/* End PBXBuildFile section */

/* Begin PBXFileReference section */
		DF0B5BA9241A402D005D5FD7 /* DataHandler.swift */ = {isa = PBXFileReference; lastKnownFileType = sourcecode.swift; path = DataHandler.swift; sourceTree = "<group>"; };
		DF50A9332449FC3300BD8E0E /* Enums.swift */ = {isa = PBXFileReference; lastKnownFileType = sourcecode.swift; path = Enums.swift; sourceTree = "<group>"; };
		DF50A9352449FCBA00BD8E0E /* CustomPin.swift */ = {isa = PBXFileReference; lastKnownFileType = sourcecode.swift; path = CustomPin.swift; sourceTree = "<group>"; };
		DF50A9382449FCF600BD8E0E /* String+Extension.swift */ = {isa = PBXFileReference; lastKnownFileType = sourcecode.swift; path = "String+Extension.swift"; sourceTree = "<group>"; };
		DF50A93A2449FE3B00BD8E0E /* MyMKCircle.swift */ = {isa = PBXFileReference; lastKnownFileType = sourcecode.swift; path = MyMKCircle.swift; sourceTree = "<group>"; };
		DF698A672418CBA2006BC93E /* geoFencingExercise.app */ = {isa = PBXFileReference; explicitFileType = wrapper.application; includeInIndex = 0; path = geoFencingExercise.app; sourceTree = BUILT_PRODUCTS_DIR; };
		DF698A6A2418CBA2006BC93E /* AppDelegate.swift */ = {isa = PBXFileReference; lastKnownFileType = sourcecode.swift; path = AppDelegate.swift; sourceTree = "<group>"; };
		DF698A6C2418CBA2006BC93E /* SceneDelegate.swift */ = {isa = PBXFileReference; lastKnownFileType = sourcecode.swift; path = SceneDelegate.swift; sourceTree = "<group>"; };
		DF698A6E2418CBA2006BC93E /* AddViewController.swift */ = {isa = PBXFileReference; lastKnownFileType = sourcecode.swift; path = AddViewController.swift; sourceTree = "<group>"; };
		DF698A712418CBA2006BC93E /* Base */ = {isa = PBXFileReference; lastKnownFileType = file.storyboard; name = Base; path = Base.lproj/Main.storyboard; sourceTree = "<group>"; };
		DF698A742418CBA2006BC93E /* geoFencingExercise.xcdatamodel */ = {isa = PBXFileReference; lastKnownFileType = wrapper.xcdatamodel; path = geoFencingExercise.xcdatamodel; sourceTree = "<group>"; };
		DF698A762418CBA3006BC93E /* Assets.xcassets */ = {isa = PBXFileReference; lastKnownFileType = folder.assetcatalog; path = Assets.xcassets; sourceTree = "<group>"; };
		DF698A792418CBA3006BC93E /* Base */ = {isa = PBXFileReference; lastKnownFileType = file.storyboard; name = Base; path = Base.lproj/LaunchScreen.storyboard; sourceTree = "<group>"; };
		DF698A7B2418CBA3006BC93E /* Info.plist */ = {isa = PBXFileReference; lastKnownFileType = text.plist.xml; path = Info.plist; sourceTree = "<group>"; };
		DF698A9D2418CC0F006BC93E /* MainViewController.swift */ = {isa = PBXFileReference; lastKnownFileType = sourcecode.swift; path = MainViewController.swift; sourceTree = "<group>"; };
		DF97B5D52440C0BF00678536 /* MonitoredRegions+CoreDataClass.swift */ = {isa = PBXFileReference; lastKnownFileType = sourcecode.swift; path = "MonitoredRegions+CoreDataClass.swift"; sourceTree = "<group>"; };
		DF97B5D62440C0BF00678536 /* MonitoredRegions+CoreDataProperties.swift */ = {isa = PBXFileReference; lastKnownFileType = sourcecode.swift; path = "MonitoredRegions+CoreDataProperties.swift"; sourceTree = "<group>"; };
/* End PBXFileReference section */

/* Begin PBXFrameworksBuildPhase section */
		DF698A642418CBA2006BC93E /* Frameworks */ = {
			isa = PBXFrameworksBuildPhase;
			buildActionMask = 2147483647;
			files = (
			);
			runOnlyForDeploymentPostprocessing = 0;
		};
/* End PBXFrameworksBuildPhase section */

/* Begin PBXGroup section */
		DF31241F2449EDE0001C4CC6 /* StartUp */ = {
			isa = PBXGroup;
			children = (
				DF698A6A2418CBA2006BC93E /* AppDelegate.swift */,
				DF698A6C2418CBA2006BC93E /* SceneDelegate.swift */,
			);
			path = StartUp;
			sourceTree = "<group>";
		};
		DF3124202449EDF3001C4CC6 /* Controllers */ = {
			isa = PBXGroup;
			children = (
				DF698A9D2418CC0F006BC93E /* MainViewController.swift */,
				DF698A6E2418CBA2006BC93E /* AddViewController.swift */,
			);
			path = Controllers;
			sourceTree = "<group>";
		};
		DF3124212449EE00001C4CC6 /* Resources */ = {
			isa = PBXGroup;
			children = (
				DF698A762418CBA3006BC93E /* Assets.xcassets */,
			);
			path = Resources;
			sourceTree = "<group>";
		};
		DF3124222449EE10001C4CC6 /* Map Items */ = {
			isa = PBXGroup;
			children = (
				DF50A9352449FCBA00BD8E0E /* CustomPin.swift */,
				DF50A93A2449FE3B00BD8E0E /* MyMKCircle.swift */,
			);
			path = "Map Items";
			sourceTree = "<group>";
		};
		DF3124232449EE28001C4CC6 /* Storyboards */ = {
			isa = PBXGroup;
			children = (
				DF698A702418CBA2006BC93E /* Main.storyboard */,
			);
			path = Storyboards;
			sourceTree = "<group>";
		};
		DF3124252449EE43001C4CC6 /* Supporting Files */ = {
			isa = PBXGroup;
			children = (
				DF698A782418CBA3006BC93E /* LaunchScreen.storyboard */,
				DF698A7B2418CBA3006BC93E /* Info.plist */,
			);
			name = "Supporting Files";
			sourceTree = "<group>";
		};
		DF3124262449EE52001C4CC6 /* Model */ = {
			isa = PBXGroup;
			children = (
				DF50A9322449FC2700BD8E0E /* Enums */,
				DF698A732418CBA2006BC93E /* geoFencingExercise.xcdatamodeld */,
				DF97B5D52440C0BF00678536 /* MonitoredRegions+CoreDataClass.swift */,
				DF97B5D62440C0BF00678536 /* MonitoredRegions+CoreDataProperties.swift */,
				DF0B5BA9241A402D005D5FD7 /* DataHandler.swift */,
			);
			path = Model;
			sourceTree = "<group>";
		};
		DF50A9322449FC2700BD8E0E /* Enums */ = {
			isa = PBXGroup;
			children = (
				DF50A9332449FC3300BD8E0E /* Enums.swift */,
			);
			path = Enums;
			sourceTree = "<group>";
		};
		DF50A9372449FCDB00BD8E0E /* Extensions */ = {
			isa = PBXGroup;
			children = (
				DF50A9382449FCF600BD8E0E /* String+Extension.swift */,
			);
			path = Extensions;
			sourceTree = "<group>";
		};
		DF698A5E2418CBA2006BC93E = {
			isa = PBXGroup;
			children = (
				DF698A692418CBA2006BC93E /* geoFencingExercise */,
				DF698A682418CBA2006BC93E /* Products */,
			);
			sourceTree = "<group>";
		};
		DF698A682418CBA2006BC93E /* Products */ = {
			isa = PBXGroup;
			children = (
				DF698A672418CBA2006BC93E /* geoFencingExercise.app */,
			);
			name = Products;
			sourceTree = "<group>";
		};
		DF698A692418CBA2006BC93E /* geoFencingExercise */ = {
			isa = PBXGroup;
			children = (
				DF31241F2449EDE0001C4CC6 /* StartUp */,
				DF3124232449EE28001C4CC6 /* Storyboards */,
				DF3124202449EDF3001C4CC6 /* Controllers */,
				DF3124262449EE52001C4CC6 /* Model */,
				DF3124222449EE10001C4CC6 /* Map Items */,
				DF50A9372449FCDB00BD8E0E /* Extensions */,
				DF3124212449EE00001C4CC6 /* Resources */,
				DF3124252449EE43001C4CC6 /* Supporting Files */,
			);
			path = geoFencingExercise;
			sourceTree = "<group>";
		};
/* End PBXGroup section */

/* Begin PBXNativeTarget section */
		DF698A662418CBA2006BC93E /* geoFencingExercise */ = {
			isa = PBXNativeTarget;
			buildConfigurationList = DF698A942418CBA3006BC93E /* Build configuration list for PBXNativeTarget "geoFencingExercise" */;
			buildPhases = (
				DF698A632418CBA2006BC93E /* Sources */,
				DF698A642418CBA2006BC93E /* Frameworks */,
				DF698A652418CBA2006BC93E /* Resources */,
			);
			buildRules = (
			);
			dependencies = (
			);
			name = geoFencingExercise;
			productName = geoFencingExercise;
			productReference = DF698A672418CBA2006BC93E /* geoFencingExercise.app */;
			productType = "com.apple.product-type.application";
		};
/* End PBXNativeTarget section */

/* Begin PBXProject section */
		DF698A5F2418CBA2006BC93E /* Project object */ = {
			isa = PBXProject;
			attributes = {
				LastSwiftUpdateCheck = 1130;
				LastUpgradeCheck = 1130;
				ORGANIZATIONNAME = vinsol;
				TargetAttributes = {
					DF698A662418CBA2006BC93E = {
						CreatedOnToolsVersion = 11.3.1;
					};
				};
			};
			buildConfigurationList = DF698A622418CBA2006BC93E /* Build configuration list for PBXProject "geoFencingExercise" */;
			compatibilityVersion = "Xcode 9.3";
			developmentRegion = en;
			hasScannedForEncodings = 0;
			knownRegions = (
				en,
				Base,
			);
			mainGroup = DF698A5E2418CBA2006BC93E;
			productRefGroup = DF698A682418CBA2006BC93E /* Products */;
			projectDirPath = "";
			projectRoot = "";
			targets = (
				DF698A662418CBA2006BC93E /* geoFencingExercise */,
			);
		};
/* End PBXProject section */

/* Begin PBXResourcesBuildPhase section */
		DF698A652418CBA2006BC93E /* Resources */ = {
			isa = PBXResourcesBuildPhase;
			buildActionMask = 2147483647;
			files = (
				DF698A7A2418CBA3006BC93E /* LaunchScreen.storyboard in Resources */,
				DF698A772418CBA3006BC93E /* Assets.xcassets in Resources */,
				DF698A722418CBA2006BC93E /* Main.storyboard in Resources */,
			);
			runOnlyForDeploymentPostprocessing = 0;
		};
/* End PBXResourcesBuildPhase section */

/* Begin PBXSourcesBuildPhase section */
		DF698A632418CBA2006BC93E /* Sources */ = {
			isa = PBXSourcesBuildPhase;
			buildActionMask = 2147483647;
			files = (
				DF698A752418CBA2006BC93E /* geoFencingExercise.xcdatamodeld in Sources */,
				DF50A9342449FC3300BD8E0E /* Enums.swift in Sources */,
				DF698A6F2418CBA2006BC93E /* AddViewController.swift in Sources */,
				DF50A9392449FCF600BD8E0E /* String+Extension.swift in Sources */,
				DF50A9362449FCBA00BD8E0E /* CustomPin.swift in Sources */,
				DF97B5D72440C0BF00678536 /* MonitoredRegions+CoreDataClass.swift in Sources */,
				DF0B5BAA241A402D005D5FD7 /* DataHandler.swift in Sources */,
				DF698A6B2418CBA2006BC93E /* AppDelegate.swift in Sources */,
				DF50A93B2449FE3B00BD8E0E /* MyMKCircle.swift in Sources */,
				DF97B5D82440C0BF00678536 /* MonitoredRegions+CoreDataProperties.swift in Sources */,
				DF698A6D2418CBA2006BC93E /* SceneDelegate.swift in Sources */,
				DF698A9E2418CC0F006BC93E /* MainViewController.swift in Sources */,
			);
			runOnlyForDeploymentPostprocessing = 0;
		};
/* End PBXSourcesBuildPhase section */

/* Begin PBXVariantGroup section */
		DF698A702418CBA2006BC93E /* Main.storyboard */ = {
			isa = PBXVariantGroup;
			children = (
				DF698A712418CBA2006BC93E /* Base */,
			);
			name = Main.storyboard;
			sourceTree = "<group>";
		};
		DF698A782418CBA3006BC93E /* LaunchScreen.storyboard */ = {
			isa = PBXVariantGroup;
			children = (
				DF698A792418CBA3006BC93E /* Base */,
			);
			name = LaunchScreen.storyboard;
			sourceTree = "<group>";
		};
/* End PBXVariantGroup section */

/* Begin XCBuildConfiguration section */
		DF698A922418CBA3006BC93E /* Debug */ = {
			isa = XCBuildConfiguration;
			buildSettings = {
				ALWAYS_SEARCH_USER_PATHS = NO;
				CLANG_ANALYZER_NONNULL = YES;
				CLANG_ANALYZER_NUMBER_OBJECT_CONVERSION = YES_AGGRESSIVE;
				CLANG_CXX_LANGUAGE_STANDARD = "gnu++14";
				CLANG_CXX_LIBRARY = "libc++";
				CLANG_ENABLE_MODULES = YES;
				CLANG_ENABLE_OBJC_ARC = YES;
				CLANG_ENABLE_OBJC_WEAK = YES;
				CLANG_WARN_BLOCK_CAPTURE_AUTORELEASING = YES;
				CLANG_WARN_BOOL_CONVERSION = YES;
				CLANG_WARN_COMMA = YES;
				CLANG_WARN_CONSTANT_CONVERSION = YES;
				CLANG_WARN_DEPRECATED_OBJC_IMPLEMENTATIONS = YES;
				CLANG_WARN_DIRECT_OBJC_ISA_USAGE = YES_ERROR;
				CLANG_WARN_DOCUMENTATION_COMMENTS = YES;
				CLANG_WARN_EMPTY_BODY = YES;
				CLANG_WARN_ENUM_CONVERSION = YES;
				CLANG_WARN_INFINITE_RECURSION = YES;
				CLANG_WARN_INT_CONVERSION = YES;
				CLANG_WARN_NON_LITERAL_NULL_CONVERSION = YES;
				CLANG_WARN_OBJC_IMPLICIT_RETAIN_SELF = YES;
				CLANG_WARN_OBJC_LITERAL_CONVERSION = YES;
				CLANG_WARN_OBJC_ROOT_CLASS = YES_ERROR;
				CLANG_WARN_RANGE_LOOP_ANALYSIS = YES;
				CLANG_WARN_STRICT_PROTOTYPES = YES;
				CLANG_WARN_SUSPICIOUS_MOVE = YES;
				CLANG_WARN_UNGUARDED_AVAILABILITY = YES_AGGRESSIVE;
				CLANG_WARN_UNREACHABLE_CODE = YES;
				CLANG_WARN__DUPLICATE_METHOD_MATCH = YES;
				COPY_PHASE_STRIP = NO;
				DEBUG_INFORMATION_FORMAT = dwarf;
				ENABLE_STRICT_OBJC_MSGSEND = YES;
				ENABLE_TESTABILITY = YES;
				GCC_C_LANGUAGE_STANDARD = gnu11;
				GCC_DYNAMIC_NO_PIC = NO;
				GCC_NO_COMMON_BLOCKS = YES;
				GCC_OPTIMIZATION_LEVEL = 0;
				GCC_PREPROCESSOR_DEFINITIONS = (
					"DEBUG=1",
					"$(inherited)",
				);
				GCC_WARN_64_TO_32_BIT_CONVERSION = YES;
				GCC_WARN_ABOUT_RETURN_TYPE = YES_ERROR;
				GCC_WARN_UNDECLARED_SELECTOR = YES;
				GCC_WARN_UNINITIALIZED_AUTOS = YES_AGGRESSIVE;
				GCC_WARN_UNUSED_FUNCTION = YES;
				GCC_WARN_UNUSED_VARIABLE = YES;
				IPHONEOS_DEPLOYMENT_TARGET = 13.2;
				MTL_ENABLE_DEBUG_INFO = INCLUDE_SOURCE;
				MTL_FAST_MATH = YES;
				ONLY_ACTIVE_ARCH = YES;
				SDKROOT = iphoneos;
				SWIFT_ACTIVE_COMPILATION_CONDITIONS = DEBUG;
				SWIFT_OPTIMIZATION_LEVEL = "-Onone";
			};
			name = Debug;
		};
		DF698A932418CBA3006BC93E /* Release */ = {
			isa = XCBuildConfiguration;
			buildSettings = {
				ALWAYS_SEARCH_USER_PATHS = NO;
				CLANG_ANALYZER_NONNULL = YES;
				CLANG_ANALYZER_NUMBER_OBJECT_CONVERSION = YES_AGGRESSIVE;
				CLANG_CXX_LANGUAGE_STANDARD = "gnu++14";
				CLANG_CXX_LIBRARY = "libc++";
				CLANG_ENABLE_MODULES = YES;
				CLANG_ENABLE_OBJC_ARC = YES;
				CLANG_ENABLE_OBJC_WEAK = YES;
				CLANG_WARN_BLOCK_CAPTURE_AUTORELEASING = YES;
				CLANG_WARN_BOOL_CONVERSION = YES;
				CLANG_WARN_COMMA = YES;
				CLANG_WARN_CONSTANT_CONVERSION = YES;
				CLANG_WARN_DEPRECATED_OBJC_IMPLEMENTATIONS = YES;
				CLANG_WARN_DIRECT_OBJC_ISA_USAGE = YES_ERROR;
				CLANG_WARN_DOCUMENTATION_COMMENTS = YES;
				CLANG_WARN_EMPTY_BODY = YES;
				CLANG_WARN_ENUM_CONVERSION = YES;
				CLANG_WARN_INFINITE_RECURSION = YES;
				CLANG_WARN_INT_CONVERSION = YES;
				CLANG_WARN_NON_LITERAL_NULL_CONVERSION = YES;
				CLANG_WARN_OBJC_IMPLICIT_RETAIN_SELF = YES;
				CLANG_WARN_OBJC_LITERAL_CONVERSION = YES;
				CLANG_WARN_OBJC_ROOT_CLASS = YES_ERROR;
				CLANG_WARN_RANGE_LOOP_ANALYSIS = YES;
				CLANG_WARN_STRICT_PROTOTYPES = YES;
				CLANG_WARN_SUSPICIOUS_MOVE = YES;
				CLANG_WARN_UNGUARDED_AVAILABILITY = YES_AGGRESSIVE;
				CLANG_WARN_UNREACHABLE_CODE = YES;
				CLANG_WARN__DUPLICATE_METHOD_MATCH = YES;
				COPY_PHASE_STRIP = NO;
				DEBUG_INFORMATION_FORMAT = "dwarf-with-dsym";
				ENABLE_NS_ASSERTIONS = NO;
				ENABLE_STRICT_OBJC_MSGSEND = YES;
				GCC_C_LANGUAGE_STANDARD = gnu11;
				GCC_NO_COMMON_BLOCKS = YES;
				GCC_WARN_64_TO_32_BIT_CONVERSION = YES;
				GCC_WARN_ABOUT_RETURN_TYPE = YES_ERROR;
				GCC_WARN_UNDECLARED_SELECTOR = YES;
				GCC_WARN_UNINITIALIZED_AUTOS = YES_AGGRESSIVE;
				GCC_WARN_UNUSED_FUNCTION = YES;
				GCC_WARN_UNUSED_VARIABLE = YES;
				IPHONEOS_DEPLOYMENT_TARGET = 13.2;
				MTL_ENABLE_DEBUG_INFO = NO;
				MTL_FAST_MATH = YES;
				SDKROOT = iphoneos;
				SWIFT_COMPILATION_MODE = wholemodule;
				SWIFT_OPTIMIZATION_LEVEL = "-O";
				VALIDATE_PRODUCT = YES;
			};
			name = Release;
		};
		DF698A952418CBA3006BC93E /* Debug */ = {
			isa = XCBuildConfiguration;
			buildSettings = {
				ASSETCATALOG_COMPILER_APPICON_NAME = AppIcon;
				CODE_SIGN_STYLE = Automatic;
				DEVELOPMENT_TEAM = 2XHG2BAA6R;
				INFOPLIST_FILE = geoFencingExercise/Info.plist;
				IPHONEOS_DEPLOYMENT_TARGET = 13.2;
				LD_RUNPATH_SEARCH_PATHS = (
					"$(inherited)",
					"@executable_path/Frameworks",
				);
				PRODUCT_BUNDLE_IDENTIFIER = com.vinsol.geoFencingExercise;
				PRODUCT_NAME = "$(TARGET_NAME)";
				SWIFT_VERSION = 5.0;
				TARGETED_DEVICE_FAMILY = "1,2";
			};
			name = Debug;
		};
		DF698A962418CBA3006BC93E /* Release */ = {
			isa = XCBuildConfiguration;
			buildSettings = {
				ASSETCATALOG_COMPILER_APPICON_NAME = AppIcon;
				CODE_SIGN_STYLE = Automatic;
				DEVELOPMENT_TEAM = 2XHG2BAA6R;
				INFOPLIST_FILE = geoFencingExercise/Info.plist;
				IPHONEOS_DEPLOYMENT_TARGET = 13.2;
				LD_RUNPATH_SEARCH_PATHS = (
					"$(inherited)",
					"@executable_path/Frameworks",
				);
				PRODUCT_BUNDLE_IDENTIFIER = com.vinsol.geoFencingExercise;
				PRODUCT_NAME = "$(TARGET_NAME)";
				SWIFT_VERSION = 5.0;
				TARGETED_DEVICE_FAMILY = "1,2";
			};
			name = Release;
		};
/* End XCBuildConfiguration section */

/* Begin XCConfigurationList section */
		DF698A622418CBA2006BC93E /* Build configuration list for PBXProject "geoFencingExercise" */ = {
			isa = XCConfigurationList;
			buildConfigurations = (
				DF698A922418CBA3006BC93E /* Debug */,
				DF698A932418CBA3006BC93E /* Release */,
			);
			defaultConfigurationIsVisible = 0;
			defaultConfigurationName = Release;
		};
		DF698A942418CBA3006BC93E /* Build configuration list for PBXNativeTarget "geoFencingExercise" */ = {
			isa = XCConfigurationList;
			buildConfigurations = (
				DF698A952418CBA3006BC93E /* Debug */,
				DF698A962418CBA3006BC93E /* Release */,
			);
			defaultConfigurationIsVisible = 0;
			defaultConfigurationName = Release;
		};
/* End XCConfigurationList section */

/* Begin XCVersionGroup section */
		DF698A732418CBA2006BC93E /* geoFencingExercise.xcdatamodeld */ = {
			isa = XCVersionGroup;
			children = (
				DF698A742418CBA2006BC93E /* geoFencingExercise.xcdatamodel */,
			);
			currentVersion = DF698A742418CBA2006BC93E /* geoFencingExercise.xcdatamodel */;
			path = geoFencingExercise.xcdatamodeld;
			sourceTree = "<group>";
			versionGroupType = wrapper.xcdatamodel;
		};
/* End XCVersionGroup section */
	};
	rootObject = DF698A5F2418CBA2006BC93E /* Project object */;
}
