// !$*UTF8*$!
{
	archiveVersion = 1;
	classes = {
	};
	objectVersion = 50;
	objects = {

/* Begin PBXBuildFile section */
		DF42ED97240F81820036D144 /* AppDelegate.swift in Sources */ = {isa = PBXBuildFile; fileRef = DF42ED96240F81820036D144 /* AppDelegate.swift */; };
		DF42ED99240F81820036D144 /* SceneDelegate.swift in Sources */ = {isa = PBXBuildFile; fileRef = DF42ED98240F81820036D144 /* SceneDelegate.swift */; };
		DF42ED9B240F81820036D144 /* ViewController.swift in Sources */ = {isa = PBXBuildFile; fileRef = DF42ED9A240F81820036D144 /* ViewController.swift */; };
		DF42ED9E240F81820036D144 /* Main.storyboard in Resources */ = {isa = PBXBuildFile; fileRef = DF42ED9C240F81820036D144 /* Main.storyboard */; };
		DF42EDA0240F81840036D144 /* Assets.xcassets in Resources */ = {isa = PBXBuildFile; fileRef = DF42ED9F240F81840036D144 /* Assets.xcassets */; };
		DF42EDA3240F81840036D144 /* LaunchScreen.storyboard in Resources */ = {isa = PBXBuildFile; fileRef = DF42EDA1240F81840036D144 /* LaunchScreen.storyboard */; };
		DF42EDAE240F81840036D144 /* GridProjectTests.swift in Sources */ = {isa = PBXBuildFile; fileRef = DF42EDAD240F81840036D144 /* GridProjectTests.swift */; };
		DF42EDB9240F81840036D144 /* GridProjectUITests.swift in Sources */ = {isa = PBXBuildFile; fileRef = DF42EDB8240F81840036D144 /* GridProjectUITests.swift */; };
		DF42EDC7240F85F40036D144 /* MyCollectionViewCell.swift in Sources */ = {isa = PBXBuildFile; fileRef = DF42EDC6240F85F40036D144 /* MyCollectionViewCell.swift */; };
		DF42EDC9240FA0410036D144 /* ConfigurationViewController.swift in Sources */ = {isa = PBXBuildFile; fileRef = DF42EDC8240FA0410036D144 /* ConfigurationViewController.swift */; };
/* End PBXBuildFile section */

/* Begin PBXContainerItemProxy section */
		DF42EDAA240F81840036D144 /* PBXContainerItemProxy */ = {
			isa = PBXContainerItemProxy;
			containerPortal = DF42ED8B240F81820036D144 /* Project object */;
			proxyType = 1;
			remoteGlobalIDString = DF42ED92240F81820036D144;
			remoteInfo = GridProject;
		};
		DF42EDB5240F81840036D144 /* PBXContainerItemProxy */ = {
			isa = PBXContainerItemProxy;
			containerPortal = DF42ED8B240F81820036D144 /* Project object */;
			proxyType = 1;
			remoteGlobalIDString = DF42ED92240F81820036D144;
			remoteInfo = GridProject;
		};
/* End PBXContainerItemProxy section */

/* Begin PBXFileReference section */
		DF42ED93240F81820036D144 /* GridProject.app */ = {isa = PBXFileReference; explicitFileType = wrapper.application; includeInIndex = 0; path = GridProject.app; sourceTree = BUILT_PRODUCTS_DIR; };
		DF42ED96240F81820036D144 /* AppDelegate.swift */ = {isa = PBXFileReference; lastKnownFileType = sourcecode.swift; path = AppDelegate.swift; sourceTree = "<group>"; };
		DF42ED98240F81820036D144 /* SceneDelegate.swift */ = {isa = PBXFileReference; lastKnownFileType = sourcecode.swift; path = SceneDelegate.swift; sourceTree = "<group>"; };
		DF42ED9A240F81820036D144 /* ViewController.swift */ = {isa = PBXFileReference; lastKnownFileType = sourcecode.swift; path = ViewController.swift; sourceTree = "<group>"; };
		DF42ED9D240F81820036D144 /* Base */ = {isa = PBXFileReference; lastKnownFileType = file.storyboard; name = Base; path = Base.lproj/Main.storyboard; sourceTree = "<group>"; };
		DF42ED9F240F81840036D144 /* Assets.xcassets */ = {isa = PBXFileReference; lastKnownFileType = folder.assetcatalog; path = Assets.xcassets; sourceTree = "<group>"; };
		DF42EDA2240F81840036D144 /* Base */ = {isa = PBXFileReference; lastKnownFileType = file.storyboard; name = Base; path = Base.lproj/LaunchScreen.storyboard; sourceTree = "<group>"; };
		DF42EDA4240F81840036D144 /* Info.plist */ = {isa = PBXFileReference; lastKnownFileType = text.plist.xml; path = Info.plist; sourceTree = "<group>"; };
		DF42EDA9240F81840036D144 /* GridProjectTests.xctest */ = {isa = PBXFileReference; explicitFileType = wrapper.cfbundle; includeInIndex = 0; path = GridProjectTests.xctest; sourceTree = BUILT_PRODUCTS_DIR; };
		DF42EDAD240F81840036D144 /* GridProjectTests.swift */ = {isa = PBXFileReference; lastKnownFileType = sourcecode.swift; path = GridProjectTests.swift; sourceTree = "<group>"; };
		DF42EDAF240F81840036D144 /* Info.plist */ = {isa = PBXFileReference; lastKnownFileType = text.plist.xml; path = Info.plist; sourceTree = "<group>"; };
		DF42EDB4240F81840036D144 /* GridProjectUITests.xctest */ = {isa = PBXFileReference; explicitFileType = wrapper.cfbundle; includeInIndex = 0; path = GridProjectUITests.xctest; sourceTree = BUILT_PRODUCTS_DIR; };
		DF42EDB8240F81840036D144 /* GridProjectUITests.swift */ = {isa = PBXFileReference; lastKnownFileType = sourcecode.swift; path = GridProjectUITests.swift; sourceTree = "<group>"; };
		DF42EDBA240F81840036D144 /* Info.plist */ = {isa = PBXFileReference; lastKnownFileType = text.plist.xml; path = Info.plist; sourceTree = "<group>"; };
		DF42EDC6240F85F40036D144 /* MyCollectionViewCell.swift */ = {isa = PBXFileReference; lastKnownFileType = sourcecode.swift; path = MyCollectionViewCell.swift; sourceTree = "<group>"; };
		DF42EDC8240FA0410036D144 /* ConfigurationViewController.swift */ = {isa = PBXFileReference; lastKnownFileType = sourcecode.swift; path = ConfigurationViewController.swift; sourceTree = "<group>"; };
/* End PBXFileReference section */

/* Begin PBXFrameworksBuildPhase section */
		DF42ED90240F81820036D144 /* Frameworks */ = {
			isa = PBXFrameworksBuildPhase;
			buildActionMask = 2147483647;
			files = (
			);
			runOnlyForDeploymentPostprocessing = 0;
		};
		DF42EDA6240F81840036D144 /* Frameworks */ = {
			isa = PBXFrameworksBuildPhase;
			buildActionMask = 2147483647;
			files = (
			);
			runOnlyForDeploymentPostprocessing = 0;
		};
		DF42EDB1240F81840036D144 /* Frameworks */ = {
			isa = PBXFrameworksBuildPhase;
			buildActionMask = 2147483647;
			files = (
			);
			runOnlyForDeploymentPostprocessing = 0;
		};
/* End PBXFrameworksBuildPhase section */

/* Begin PBXGroup section */
		DF42ED8A240F81820036D144 = {
			isa = PBXGroup;
			children = (
				DF42ED95240F81820036D144 /* GridProject */,
				DF42EDAC240F81840036D144 /* GridProjectTests */,
				DF42EDB7240F81840036D144 /* GridProjectUITests */,
				DF42ED94240F81820036D144 /* Products */,
			);
			sourceTree = "<group>";
		};
		DF42ED94240F81820036D144 /* Products */ = {
			isa = PBXGroup;
			children = (
				DF42ED93240F81820036D144 /* GridProject.app */,
				DF42EDA9240F81840036D144 /* GridProjectTests.xctest */,
				DF42EDB4240F81840036D144 /* GridProjectUITests.xctest */,
			);
			name = Products;
			sourceTree = "<group>";
		};
		DF42ED95240F81820036D144 /* GridProject */ = {
			isa = PBXGroup;
			children = (
				DF42ED96240F81820036D144 /* AppDelegate.swift */,
				DF42ED98240F81820036D144 /* SceneDelegate.swift */,
				DF42ED9A240F81820036D144 /* ViewController.swift */,
				DF42EDC6240F85F40036D144 /* MyCollectionViewCell.swift */,
				DF42ED9C240F81820036D144 /* Main.storyboard */,
				DF42ED9F240F81840036D144 /* Assets.xcassets */,
				DF42EDA1240F81840036D144 /* LaunchScreen.storyboard */,
				DF42EDA4240F81840036D144 /* Info.plist */,
				DF42EDC8240FA0410036D144 /* ConfigurationViewController.swift */,
			);
			path = GridProject;
			sourceTree = "<group>";
		};
		DF42EDAC240F81840036D144 /* GridProjectTests */ = {
			isa = PBXGroup;
			children = (
				DF42EDAD240F81840036D144 /* GridProjectTests.swift */,
				DF42EDAF240F81840036D144 /* Info.plist */,
			);
			path = GridProjectTests;
			sourceTree = "<group>";
		};
		DF42EDB7240F81840036D144 /* GridProjectUITests */ = {
			isa = PBXGroup;
			children = (
				DF42EDB8240F81840036D144 /* GridProjectUITests.swift */,
				DF42EDBA240F81840036D144 /* Info.plist */,
			);
			path = GridProjectUITests;
			sourceTree = "<group>";
		};
/* End PBXGroup section */

/* Begin PBXNativeTarget section */
		DF42ED92240F81820036D144 /* GridProject */ = {
			isa = PBXNativeTarget;
			buildConfigurationList = DF42EDBD240F81840036D144 /* Build configuration list for PBXNativeTarget "GridProject" */;
			buildPhases = (
				DF42ED8F240F81820036D144 /* Sources */,
				DF42ED90240F81820036D144 /* Frameworks */,
				DF42ED91240F81820036D144 /* Resources */,
			);
			buildRules = (
			);
			dependencies = (
			);
			name = GridProject;
			productName = GridProject;
			productReference = DF42ED93240F81820036D144 /* GridProject.app */;
			productType = "com.apple.product-type.application";
		};
		DF42EDA8240F81840036D144 /* GridProjectTests */ = {
			isa = PBXNativeTarget;
			buildConfigurationList = DF42EDC0240F81840036D144 /* Build configuration list for PBXNativeTarget "GridProjectTests" */;
			buildPhases = (
				DF42EDA5240F81840036D144 /* Sources */,
				DF42EDA6240F81840036D144 /* Frameworks */,
				DF42EDA7240F81840036D144 /* Resources */,
			);
			buildRules = (
			);
			dependencies = (
				DF42EDAB240F81840036D144 /* PBXTargetDependency */,
			);
			name = GridProjectTests;
			productName = GridProjectTests;
			productReference = DF42EDA9240F81840036D144 /* GridProjectTests.xctest */;
			productType = "com.apple.product-type.bundle.unit-test";
		};
		DF42EDB3240F81840036D144 /* GridProjectUITests */ = {
			isa = PBXNativeTarget;
			buildConfigurationList = DF42EDC3240F81840036D144 /* Build configuration list for PBXNativeTarget "GridProjectUITests" */;
			buildPhases = (
				DF42EDB0240F81840036D144 /* Sources */,
				DF42EDB1240F81840036D144 /* Frameworks */,
				DF42EDB2240F81840036D144 /* Resources */,
			);
			buildRules = (
			);
			dependencies = (
				DF42EDB6240F81840036D144 /* PBXTargetDependency */,
			);
			name = GridProjectUITests;
			productName = GridProjectUITests;
			productReference = DF42EDB4240F81840036D144 /* GridProjectUITests.xctest */;
			productType = "com.apple.product-type.bundle.ui-testing";
		};
/* End PBXNativeTarget section */

/* Begin PBXProject section */
		DF42ED8B240F81820036D144 /* Project object */ = {
			isa = PBXProject;
			attributes = {
				LastSwiftUpdateCheck = 1130;
				LastUpgradeCheck = 1130;
				ORGANIZATIONNAME = vinsol;
				TargetAttributes = {
					DF42ED92240F81820036D144 = {
						CreatedOnToolsVersion = 11.3.1;
					};
					DF42EDA8240F81840036D144 = {
						CreatedOnToolsVersion = 11.3.1;
						TestTargetID = DF42ED92240F81820036D144;
					};
					DF42EDB3240F81840036D144 = {
						CreatedOnToolsVersion = 11.3.1;
						TestTargetID = DF42ED92240F81820036D144;
					};
				};
			};
			buildConfigurationList = DF42ED8E240F81820036D144 /* Build configuration list for PBXProject "GridProject" */;
			compatibilityVersion = "Xcode 9.3";
			developmentRegion = en;
			hasScannedForEncodings = 0;
			knownRegions = (
				en,
				Base,
			);
			mainGroup = DF42ED8A240F81820036D144;
			productRefGroup = DF42ED94240F81820036D144 /* Products */;
			projectDirPath = "";
			projectRoot = "";
			targets = (
				DF42ED92240F81820036D144 /* GridProject */,
				DF42EDA8240F81840036D144 /* GridProjectTests */,
				DF42EDB3240F81840036D144 /* GridProjectUITests */,
			);
		};
/* End PBXProject section */

/* Begin PBXResourcesBuildPhase section */
		DF42ED91240F81820036D144 /* Resources */ = {
			isa = PBXResourcesBuildPhase;
			buildActionMask = 2147483647;
			files = (
				DF42EDA3240F81840036D144 /* LaunchScreen.storyboard in Resources */,
				DF42EDA0240F81840036D144 /* Assets.xcassets in Resources */,
				DF42ED9E240F81820036D144 /* Main.storyboard in Resources */,
			);
			runOnlyForDeploymentPostprocessing = 0;
		};
		DF42EDA7240F81840036D144 /* Resources */ = {
			isa = PBXResourcesBuildPhase;
			buildActionMask = 2147483647;
			files = (
			);
			runOnlyForDeploymentPostprocessing = 0;
		};
		DF42EDB2240F81840036D144 /* Resources */ = {
			isa = PBXResourcesBuildPhase;
			buildActionMask = 2147483647;
			files = (
			);
			runOnlyForDeploymentPostprocessing = 0;
		};
/* End PBXResourcesBuildPhase section */

/* Begin PBXSourcesBuildPhase section */
		DF42ED8F240F81820036D144 /* Sources */ = {
			isa = PBXSourcesBuildPhase;
			buildActionMask = 2147483647;
			files = (
				DF42ED9B240F81820036D144 /* ViewController.swift in Sources */,
				DF42ED97240F81820036D144 /* AppDelegate.swift in Sources */,
				DF42EDC7240F85F40036D144 /* MyCollectionViewCell.swift in Sources */,
				DF42EDC9240FA0410036D144 /* ConfigurationViewController.swift in Sources */,
				DF42ED99240F81820036D144 /* SceneDelegate.swift in Sources */,
			);
			runOnlyForDeploymentPostprocessing = 0;
		};
		DF42EDA5240F81840036D144 /* Sources */ = {
			isa = PBXSourcesBuildPhase;
			buildActionMask = 2147483647;
			files = (
				DF42EDAE240F81840036D144 /* GridProjectTests.swift in Sources */,
			);
			runOnlyForDeploymentPostprocessing = 0;
		};
		DF42EDB0240F81840036D144 /* Sources */ = {
			isa = PBXSourcesBuildPhase;
			buildActionMask = 2147483647;
			files = (
				DF42EDB9240F81840036D144 /* GridProjectUITests.swift in Sources */,
			);
			runOnlyForDeploymentPostprocessing = 0;
		};
/* End PBXSourcesBuildPhase section */

/* Begin PBXTargetDependency section */
		DF42EDAB240F81840036D144 /* PBXTargetDependency */ = {
			isa = PBXTargetDependency;
			target = DF42ED92240F81820036D144 /* GridProject */;
			targetProxy = DF42EDAA240F81840036D144 /* PBXContainerItemProxy */;
		};
		DF42EDB6240F81840036D144 /* PBXTargetDependency */ = {
			isa = PBXTargetDependency;
			target = DF42ED92240F81820036D144 /* GridProject */;
			targetProxy = DF42EDB5240F81840036D144 /* PBXContainerItemProxy */;
		};
/* End PBXTargetDependency section */

/* Begin PBXVariantGroup section */
		DF42ED9C240F81820036D144 /* Main.storyboard */ = {
			isa = PBXVariantGroup;
			children = (
				DF42ED9D240F81820036D144 /* Base */,
			);
			name = Main.storyboard;
			sourceTree = "<group>";
		};
		DF42EDA1240F81840036D144 /* LaunchScreen.storyboard */ = {
			isa = PBXVariantGroup;
			children = (
				DF42EDA2240F81840036D144 /* Base */,
			);
			name = LaunchScreen.storyboard;
			sourceTree = "<group>";
		};
/* End PBXVariantGroup section */

/* Begin XCBuildConfiguration section */
		DF42EDBB240F81840036D144 /* Debug */ = {
			isa = XCBuildConfiguration;
			buildSettings = {
				ALWAYS_SEARCH_USER_PATHS = NO;
				CLANG_ANALYZER_NONNULL = YES;
				CLANG_ANALYZER_NUMBER_OBJECT_CONVERSION = YES_AGGRESSIVE;
				CLANG_CXX_LANGUAGE_STANDARD = "gnu++14";
				CLANG_CXX_LIBRARY = "libc++";
				CLANG_ENABLE_MODULES = YES;
				CLANG_ENABLE_OBJC_ARC = YES;
				CLANG_ENABLE_OBJC_WEAK = YES;
				CLANG_WARN_BLOCK_CAPTURE_AUTORELEASING = YES;
				CLANG_WARN_BOOL_CONVERSION = YES;
				CLANG_WARN_COMMA = YES;
				CLANG_WARN_CONSTANT_CONVERSION = YES;
				CLANG_WARN_DEPRECATED_OBJC_IMPLEMENTATIONS = YES;
				CLANG_WARN_DIRECT_OBJC_ISA_USAGE = YES_ERROR;
				CLANG_WARN_DOCUMENTATION_COMMENTS = YES;
				CLANG_WARN_EMPTY_BODY = YES;
				CLANG_WARN_ENUM_CONVERSION = YES;
				CLANG_WARN_INFINITE_RECURSION = YES;
				CLANG_WARN_INT_CONVERSION = YES;
				CLANG_WARN_NON_LITERAL_NULL_CONVERSION = YES;
				CLANG_WARN_OBJC_IMPLICIT_RETAIN_SELF = YES;
				CLANG_WARN_OBJC_LITERAL_CONVERSION = YES;
				CLANG_WARN_OBJC_ROOT_CLASS = YES_ERROR;
				CLANG_WARN_RANGE_LOOP_ANALYSIS = YES;
				CLANG_WARN_STRICT_PROTOTYPES = YES;
				CLANG_WARN_SUSPICIOUS_MOVE = YES;
				CLANG_WARN_UNGUARDED_AVAILABILITY = YES_AGGRESSIVE;
				CLANG_WARN_UNREACHABLE_CODE = YES;
				CLANG_WARN__DUPLICATE_METHOD_MATCH = YES;
				COPY_PHASE_STRIP = NO;
				DEBUG_INFORMATION_FORMAT = dwarf;
				ENABLE_STRICT_OBJC_MSGSEND = YES;
				ENABLE_TESTABILITY = YES;
				GCC_C_LANGUAGE_STANDARD = gnu11;
				GCC_DYNAMIC_NO_PIC = NO;
				GCC_NO_COMMON_BLOCKS = YES;
				GCC_OPTIMIZATION_LEVEL = 0;
				GCC_PREPROCESSOR_DEFINITIONS = (
					"DEBUG=1",
					"$(inherited)",
				);
				GCC_WARN_64_TO_32_BIT_CONVERSION = YES;
				GCC_WARN_ABOUT_RETURN_TYPE = YES_ERROR;
				GCC_WARN_UNDECLARED_SELECTOR = YES;
				GCC_WARN_UNINITIALIZED_AUTOS = YES_AGGRESSIVE;
				GCC_WARN_UNUSED_FUNCTION = YES;
				GCC_WARN_UNUSED_VARIABLE = YES;
				IPHONEOS_DEPLOYMENT_TARGET = 13.2;
				MTL_ENABLE_DEBUG_INFO = INCLUDE_SOURCE;
				MTL_FAST_MATH = YES;
				ONLY_ACTIVE_ARCH = YES;
				SDKROOT = iphoneos;
				SWIFT_ACTIVE_COMPILATION_CONDITIONS = DEBUG;
				SWIFT_OPTIMIZATION_LEVEL = "-Onone";
			};
			name = Debug;
		};
		DF42EDBC240F81840036D144 /* Release */ = {
			isa = XCBuildConfiguration;
			buildSettings = {
				ALWAYS_SEARCH_USER_PATHS = NO;
				CLANG_ANALYZER_NONNULL = YES;
				CLANG_ANALYZER_NUMBER_OBJECT_CONVERSION = YES_AGGRESSIVE;
				CLANG_CXX_LANGUAGE_STANDARD = "gnu++14";
				CLANG_CXX_LIBRARY = "libc++";
				CLANG_ENABLE_MODULES = YES;
				CLANG_ENABLE_OBJC_ARC = YES;
				CLANG_ENABLE_OBJC_WEAK = YES;
				CLANG_WARN_BLOCK_CAPTURE_AUTORELEASING = YES;
				CLANG_WARN_BOOL_CONVERSION = YES;
				CLANG_WARN_COMMA = YES;
				CLANG_WARN_CONSTANT_CONVERSION = YES;
				CLANG_WARN_DEPRECATED_OBJC_IMPLEMENTATIONS = YES;
				CLANG_WARN_DIRECT_OBJC_ISA_USAGE = YES_ERROR;
				CLANG_WARN_DOCUMENTATION_COMMENTS = YES;
				CLANG_WARN_EMPTY_BODY = YES;
				CLANG_WARN_ENUM_CONVERSION = YES;
				CLANG_WARN_INFINITE_RECURSION = YES;
				CLANG_WARN_INT_CONVERSION = YES;
				CLANG_WARN_NON_LITERAL_NULL_CONVERSION = YES;
				CLANG_WARN_OBJC_IMPLICIT_RETAIN_SELF = YES;
				CLANG_WARN_OBJC_LITERAL_CONVERSION = YES;
				CLANG_WARN_OBJC_ROOT_CLASS = YES_ERROR;
				CLANG_WARN_RANGE_LOOP_ANALYSIS = YES;
				CLANG_WARN_STRICT_PROTOTYPES = YES;
				CLANG_WARN_SUSPICIOUS_MOVE = YES;
				CLANG_WARN_UNGUARDED_AVAILABILITY = YES_AGGRESSIVE;
				CLANG_WARN_UNREACHABLE_CODE = YES;
				CLANG_WARN__DUPLICATE_METHOD_MATCH = YES;
				COPY_PHASE_STRIP = NO;
				DEBUG_INFORMATION_FORMAT = "dwarf-with-dsym";
				ENABLE_NS_ASSERTIONS = NO;
				ENABLE_STRICT_OBJC_MSGSEND = YES;
				GCC_C_LANGUAGE_STANDARD = gnu11;
				GCC_NO_COMMON_BLOCKS = YES;
				GCC_WARN_64_TO_32_BIT_CONVERSION = YES;
				GCC_WARN_ABOUT_RETURN_TYPE = YES_ERROR;
				GCC_WARN_UNDECLARED_SELECTOR = YES;
				GCC_WARN_UNINITIALIZED_AUTOS = YES_AGGRESSIVE;
				GCC_WARN_UNUSED_FUNCTION = YES;
				GCC_WARN_UNUSED_VARIABLE = YES;
				IPHONEOS_DEPLOYMENT_TARGET = 13.2;
				MTL_ENABLE_DEBUG_INFO = NO;
				MTL_FAST_MATH = YES;
				SDKROOT = iphoneos;
				SWIFT_COMPILATION_MODE = wholemodule;
				SWIFT_OPTIMIZATION_LEVEL = "-O";
				VALIDATE_PRODUCT = YES;
			};
			name = Release;
		};
		DF42EDBE240F81840036D144 /* Debug */ = {
			isa = XCBuildConfiguration;
			buildSettings = {
				ASSETCATALOG_COMPILER_APPICON_NAME = AppIcon;
				CODE_SIGN_STYLE = Automatic;
				DEVELOPMENT_TEAM = 2XHG2BAA6R;
				INFOPLIST_FILE = GridProject/Info.plist;
				LD_RUNPATH_SEARCH_PATHS = (
					"$(inherited)",
					"@executable_path/Frameworks",
				);
				PRODUCT_BUNDLE_IDENTIFIER = com.vinsol.GridProject;
				PRODUCT_NAME = "$(TARGET_NAME)";
				SWIFT_VERSION = 5.0;
				TARGETED_DEVICE_FAMILY = "1,2";
			};
			name = Debug;
		};
		DF42EDBF240F81840036D144 /* Release */ = {
			isa = XCBuildConfiguration;
			buildSettings = {
				ASSETCATALOG_COMPILER_APPICON_NAME = AppIcon;
				CODE_SIGN_STYLE = Automatic;
				DEVELOPMENT_TEAM = 2XHG2BAA6R;
				INFOPLIST_FILE = GridProject/Info.plist;
				LD_RUNPATH_SEARCH_PATHS = (
					"$(inherited)",
					"@executable_path/Frameworks",
				);
				PRODUCT_BUNDLE_IDENTIFIER = com.vinsol.GridProject;
				PRODUCT_NAME = "$(TARGET_NAME)";
				SWIFT_VERSION = 5.0;
				TARGETED_DEVICE_FAMILY = "1,2";
			};
			name = Release;
		};
		DF42EDC1240F81840036D144 /* Debug */ = {
			isa = XCBuildConfiguration;
			buildSettings = {
				ALWAYS_EMBED_SWIFT_STANDARD_LIBRARIES = YES;
				BUNDLE_LOADER = "$(TEST_HOST)";
				CODE_SIGN_STYLE = Automatic;
				DEVELOPMENT_TEAM = 2XHG2BAA6R;
				INFOPLIST_FILE = GridProjectTests/Info.plist;
				IPHONEOS_DEPLOYMENT_TARGET = 13.2;
				LD_RUNPATH_SEARCH_PATHS = (
					"$(inherited)",
					"@executable_path/Frameworks",
					"@loader_path/Frameworks",
				);
				PRODUCT_BUNDLE_IDENTIFIER = com.vinsol.GridProjectTests;
				PRODUCT_NAME = "$(TARGET_NAME)";
				SWIFT_VERSION = 5.0;
				TARGETED_DEVICE_FAMILY = "1,2";
				TEST_HOST = "$(BUILT_PRODUCTS_DIR)/GridProject.app/GridProject";
			};
			name = Debug;
		};
		DF42EDC2240F81840036D144 /* Release */ = {
			isa = XCBuildConfiguration;
			buildSettings = {
				ALWAYS_EMBED_SWIFT_STANDARD_LIBRARIES = YES;
				BUNDLE_LOADER = "$(TEST_HOST)";
				CODE_SIGN_STYLE = Automatic;
				DEVELOPMENT_TEAM = 2XHG2BAA6R;
				INFOPLIST_FILE = GridProjectTests/Info.plist;
				IPHONEOS_DEPLOYMENT_TARGET = 13.2;
				LD_RUNPATH_SEARCH_PATHS = (
					"$(inherited)",
					"@executable_path/Frameworks",
					"@loader_path/Frameworks",
				);
				PRODUCT_BUNDLE_IDENTIFIER = com.vinsol.GridProjectTests;
				PRODUCT_NAME = "$(TARGET_NAME)";
				SWIFT_VERSION = 5.0;
				TARGETED_DEVICE_FAMILY = "1,2";
				TEST_HOST = "$(BUILT_PRODUCTS_DIR)/GridProject.app/GridProject";
			};
			name = Release;
		};
		DF42EDC4240F81840036D144 /* Debug */ = {
			isa = XCBuildConfiguration;
			buildSettings = {
				ALWAYS_EMBED_SWIFT_STANDARD_LIBRARIES = YES;
				CODE_SIGN_STYLE = Automatic;
				DEVELOPMENT_TEAM = 2XHG2BAA6R;
				INFOPLIST_FILE = GridProjectUITests/Info.plist;
				LD_RUNPATH_SEARCH_PATHS = (
					"$(inherited)",
					"@executable_path/Frameworks",
					"@loader_path/Frameworks",
				);
				PRODUCT_BUNDLE_IDENTIFIER = com.vinsol.GridProjectUITests;
				PRODUCT_NAME = "$(TARGET_NAME)";
				SWIFT_VERSION = 5.0;
				TARGETED_DEVICE_FAMILY = "1,2";
				TEST_TARGET_NAME = GridProject;
			};
			name = Debug;
		};
		DF42EDC5240F81840036D144 /* Release */ = {
			isa = XCBuildConfiguration;
			buildSettings = {
				ALWAYS_EMBED_SWIFT_STANDARD_LIBRARIES = YES;
				CODE_SIGN_STYLE = Automatic;
				DEVELOPMENT_TEAM = 2XHG2BAA6R;
				INFOPLIST_FILE = GridProjectUITests/Info.plist;
				LD_RUNPATH_SEARCH_PATHS = (
					"$(inherited)",
					"@executable_path/Frameworks",
					"@loader_path/Frameworks",
				);
				PRODUCT_BUNDLE_IDENTIFIER = com.vinsol.GridProjectUITests;
				PRODUCT_NAME = "$(TARGET_NAME)";
				SWIFT_VERSION = 5.0;
				TARGETED_DEVICE_FAMILY = "1,2";
				TEST_TARGET_NAME = GridProject;
			};
			name = Release;
		};
/* End XCBuildConfiguration section */

/* Begin XCConfigurationList section */
		DF42ED8E240F81820036D144 /* Build configuration list for PBXProject "GridProject" */ = {
			isa = XCConfigurationList;
			buildConfigurations = (
				DF42EDBB240F81840036D144 /* Debug */,
				DF42EDBC240F81840036D144 /* Release */,
			);
			defaultConfigurationIsVisible = 0;
			defaultConfigurationName = Release;
		};
		DF42EDBD240F81840036D144 /* Build configuration list for PBXNativeTarget "GridProject" */ = {
			isa = XCConfigurationList;
			buildConfigurations = (
				DF42EDBE240F81840036D144 /* Debug */,
				DF42EDBF240F81840036D144 /* Release */,
			);
			defaultConfigurationIsVisible = 0;
			defaultConfigurationName = Release;
		};
		DF42EDC0240F81840036D144 /* Build configuration list for PBXNativeTarget "GridProjectTests" */ = {
			isa = XCConfigurationList;
			buildConfigurations = (
				DF42EDC1240F81840036D144 /* Debug */,
				DF42EDC2240F81840036D144 /* Release */,
			);
			defaultConfigurationIsVisible = 0;
			defaultConfigurationName = Release;
		};
		DF42EDC3240F81840036D144 /* Build configuration list for PBXNativeTarget "GridProjectUITests" */ = {
			isa = XCConfigurationList;
			buildConfigurations = (
				DF42EDC4240F81840036D144 /* Debug */,
				DF42EDC5240F81840036D144 /* Release */,
			);
			defaultConfigurationIsVisible = 0;
			defaultConfigurationName = Release;
		};
/* End XCConfigurationList section */
	};
	rootObject = DF42ED8B240F81820036D144 /* Project object */;
}
