// !$*UTF8*$!
{
	archiveVersion = 1;
	classes = {
	};
	objectVersion = 50;
	objects = {

/* Begin PBXBuildFile section */
		DFFF733F24164FA2006C5712 /* AppDelegate.swift in Sources */ = {isa = PBXBuildFile; fileRef = DFFF733E24164FA2006C5712 /* AppDelegate.swift */; };
		DFFF734124164FA2006C5712 /* SceneDelegate.swift in Sources */ = {isa = PBXBuildFile; fileRef = DFFF734024164FA2006C5712 /* SceneDelegate.swift */; };
		DFFF734324164FA2006C5712 /* MainViewController.swift in Sources */ = {isa = PBXBuildFile; fileRef = DFFF734224164FA2006C5712 /* MainViewController.swift */; };
		DFFF734624164FA2006C5712 /* Main.storyboard in Resources */ = {isa = PBXBuildFile; fileRef = DFFF734424164FA2006C5712 /* Main.storyboard */; };
		DFFF734924164FA2006C5712 /* GeoFencing.xcdatamodeld in Sources */ = {isa = PBXBuildFile; fileRef = DFFF734724164FA2006C5712 /* GeoFencing.xcdatamodeld */; };
		DFFF734B24164FA3006C5712 /* Assets.xcassets in Resources */ = {isa = PBXBuildFile; fileRef = DFFF734A24164FA3006C5712 /* Assets.xcassets */; };
		DFFF734E24164FA3006C5712 /* LaunchScreen.storyboard in Resources */ = {isa = PBXBuildFile; fileRef = DFFF734C24164FA3006C5712 /* LaunchScreen.storyboard */; };
		DFFF735924164FA3006C5712 /* GeoFencingTests.swift in Sources */ = {isa = PBXBuildFile; fileRef = DFFF735824164FA3006C5712 /* GeoFencingTests.swift */; };
		DFFF736424164FA3006C5712 /* GeoFencingUITests.swift in Sources */ = {isa = PBXBuildFile; fileRef = DFFF736324164FA3006C5712 /* GeoFencingUITests.swift */; };
		DFFF737224165613006C5712 /* AddViewController.swift in Sources */ = {isa = PBXBuildFile; fileRef = DFFF737124165613006C5712 /* AddViewController.swift */; };
		DFFF737424165E98006C5712 /* RoundView.swift in Sources */ = {isa = PBXBuildFile; fileRef = DFFF737324165E98006C5712 /* RoundView.swift */; };
/* End PBXBuildFile section */

/* Begin PBXContainerItemProxy section */
		DFFF735524164FA3006C5712 /* PBXContainerItemProxy */ = {
			isa = PBXContainerItemProxy;
			containerPortal = DFFF733324164FA2006C5712 /* Project object */;
			proxyType = 1;
			remoteGlobalIDString = DFFF733A24164FA2006C5712;
			remoteInfo = GeoFencing;
		};
		DFFF736024164FA3006C5712 /* PBXContainerItemProxy */ = {
			isa = PBXContainerItemProxy;
			containerPortal = DFFF733324164FA2006C5712 /* Project object */;
			proxyType = 1;
			remoteGlobalIDString = DFFF733A24164FA2006C5712;
			remoteInfo = GeoFencing;
		};
/* End PBXContainerItemProxy section */

/* Begin PBXFileReference section */
		DFFF733B24164FA2006C5712 /* GeoFencing.app */ = {isa = PBXFileReference; explicitFileType = wrapper.application; includeInIndex = 0; path = GeoFencing.app; sourceTree = BUILT_PRODUCTS_DIR; };
		DFFF733E24164FA2006C5712 /* AppDelegate.swift */ = {isa = PBXFileReference; lastKnownFileType = sourcecode.swift; path = AppDelegate.swift; sourceTree = "<group>"; };
		DFFF734024164FA2006C5712 /* SceneDelegate.swift */ = {isa = PBXFileReference; lastKnownFileType = sourcecode.swift; path = SceneDelegate.swift; sourceTree = "<group>"; };
		DFFF734224164FA2006C5712 /* MainViewController.swift */ = {isa = PBXFileReference; lastKnownFileType = sourcecode.swift; path = MainViewController.swift; sourceTree = "<group>"; };
		DFFF734524164FA2006C5712 /* Base */ = {isa = PBXFileReference; lastKnownFileType = file.storyboard; name = Base; path = Base.lproj/Main.storyboard; sourceTree = "<group>"; };
		DFFF734824164FA2006C5712 /* GeoFencing.xcdatamodel */ = {isa = PBXFileReference; lastKnownFileType = wrapper.xcdatamodel; path = GeoFencing.xcdatamodel; sourceTree = "<group>"; };
		DFFF734A24164FA3006C5712 /* Assets.xcassets */ = {isa = PBXFileReference; lastKnownFileType = folder.assetcatalog; path = Assets.xcassets; sourceTree = "<group>"; };
		DFFF734D24164FA3006C5712 /* Base */ = {isa = PBXFileReference; lastKnownFileType = file.storyboard; name = Base; path = Base.lproj/LaunchScreen.storyboard; sourceTree = "<group>"; };
		DFFF734F24164FA3006C5712 /* Info.plist */ = {isa = PBXFileReference; lastKnownFileType = text.plist.xml; path = Info.plist; sourceTree = "<group>"; };
		DFFF735424164FA3006C5712 /* GeoFencingTests.xctest */ = {isa = PBXFileReference; explicitFileType = wrapper.cfbundle; includeInIndex = 0; path = GeoFencingTests.xctest; sourceTree = BUILT_PRODUCTS_DIR; };
		DFFF735824164FA3006C5712 /* GeoFencingTests.swift */ = {isa = PBXFileReference; lastKnownFileType = sourcecode.swift; path = GeoFencingTests.swift; sourceTree = "<group>"; };
		DFFF735A24164FA3006C5712 /* Info.plist */ = {isa = PBXFileReference; lastKnownFileType = text.plist.xml; path = Info.plist; sourceTree = "<group>"; };
		DFFF735F24164FA3006C5712 /* GeoFencingUITests.xctest */ = {isa = PBXFileReference; explicitFileType = wrapper.cfbundle; includeInIndex = 0; path = GeoFencingUITests.xctest; sourceTree = BUILT_PRODUCTS_DIR; };
		DFFF736324164FA3006C5712 /* GeoFencingUITests.swift */ = {isa = PBXFileReference; lastKnownFileType = sourcecode.swift; path = GeoFencingUITests.swift; sourceTree = "<group>"; };
		DFFF736524164FA3006C5712 /* Info.plist */ = {isa = PBXFileReference; lastKnownFileType = text.plist.xml; path = Info.plist; sourceTree = "<group>"; };
		DFFF737124165613006C5712 /* AddViewController.swift */ = {isa = PBXFileReference; lastKnownFileType = sourcecode.swift; path = AddViewController.swift; sourceTree = "<group>"; };
		DFFF737324165E98006C5712 /* RoundView.swift */ = {isa = PBXFileReference; lastKnownFileType = sourcecode.swift; path = RoundView.swift; sourceTree = "<group>"; };
/* End PBXFileReference section */

/* Begin PBXFrameworksBuildPhase section */
		DFFF733824164FA2006C5712 /* Frameworks */ = {
			isa = PBXFrameworksBuildPhase;
			buildActionMask = 2147483647;
			files = (
			);
			runOnlyForDeploymentPostprocessing = 0;
		};
		DFFF735124164FA3006C5712 /* Frameworks */ = {
			isa = PBXFrameworksBuildPhase;
			buildActionMask = 2147483647;
			files = (
			);
			runOnlyForDeploymentPostprocessing = 0;
		};
		DFFF735C24164FA3006C5712 /* Frameworks */ = {
			isa = PBXFrameworksBuildPhase;
			buildActionMask = 2147483647;
			files = (
			);
			runOnlyForDeploymentPostprocessing = 0;
		};
/* End PBXFrameworksBuildPhase section */

/* Begin PBXGroup section */
		DFFF733224164FA2006C5712 = {
			isa = PBXGroup;
			children = (
				DFFF733D24164FA2006C5712 /* GeoFencing */,
				DFFF735724164FA3006C5712 /* GeoFencingTests */,
				DFFF736224164FA3006C5712 /* GeoFencingUITests */,
				DFFF733C24164FA2006C5712 /* Products */,
			);
			sourceTree = "<group>";
		};
		DFFF733C24164FA2006C5712 /* Products */ = {
			isa = PBXGroup;
			children = (
				DFFF733B24164FA2006C5712 /* GeoFencing.app */,
				DFFF735424164FA3006C5712 /* GeoFencingTests.xctest */,
				DFFF735F24164FA3006C5712 /* GeoFencingUITests.xctest */,
			);
			name = Products;
			sourceTree = "<group>";
		};
		DFFF733D24164FA2006C5712 /* GeoFencing */ = {
			isa = PBXGroup;
			children = (
				DFFF733E24164FA2006C5712 /* AppDelegate.swift */,
				DFFF734024164FA2006C5712 /* SceneDelegate.swift */,
				DFFF734224164FA2006C5712 /* MainViewController.swift */,
				DFFF737124165613006C5712 /* AddViewController.swift */,
				DFFF734424164FA2006C5712 /* Main.storyboard */,
				DFFF734A24164FA3006C5712 /* Assets.xcassets */,
				DFFF734C24164FA3006C5712 /* LaunchScreen.storyboard */,
				DFFF734F24164FA3006C5712 /* Info.plist */,
				DFFF734724164FA2006C5712 /* GeoFencing.xcdatamodeld */,
				DFFF737324165E98006C5712 /* RoundView.swift */,
			);
			path = GeoFencing;
			sourceTree = "<group>";
		};
		DFFF735724164FA3006C5712 /* GeoFencingTests */ = {
			isa = PBXGroup;
			children = (
				DFFF735824164FA3006C5712 /* GeoFencingTests.swift */,
				DFFF735A24164FA3006C5712 /* Info.plist */,
			);
			path = GeoFencingTests;
			sourceTree = "<group>";
		};
		DFFF736224164FA3006C5712 /* GeoFencingUITests */ = {
			isa = PBXGroup;
			children = (
				DFFF736324164FA3006C5712 /* GeoFencingUITests.swift */,
				DFFF736524164FA3006C5712 /* Info.plist */,
			);
			path = GeoFencingUITests;
			sourceTree = "<group>";
		};
/* End PBXGroup section */

/* Begin PBXNativeTarget section */
		DFFF733A24164FA2006C5712 /* GeoFencing */ = {
			isa = PBXNativeTarget;
			buildConfigurationList = DFFF736824164FA3006C5712 /* Build configuration list for PBXNativeTarget "GeoFencing" */;
			buildPhases = (
				DFFF733724164FA2006C5712 /* Sources */,
				DFFF733824164FA2006C5712 /* Frameworks */,
				DFFF733924164FA2006C5712 /* Resources */,
			);
			buildRules = (
			);
			dependencies = (
			);
			name = GeoFencing;
			productName = GeoFencing;
			productReference = DFFF733B24164FA2006C5712 /* GeoFencing.app */;
			productType = "com.apple.product-type.application";
		};
		DFFF735324164FA3006C5712 /* GeoFencingTests */ = {
			isa = PBXNativeTarget;
			buildConfigurationList = DFFF736B24164FA3006C5712 /* Build configuration list for PBXNativeTarget "GeoFencingTests" */;
			buildPhases = (
				DFFF735024164FA3006C5712 /* Sources */,
				DFFF735124164FA3006C5712 /* Frameworks */,
				DFFF735224164FA3006C5712 /* Resources */,
			);
			buildRules = (
			);
			dependencies = (
				DFFF735624164FA3006C5712 /* PBXTargetDependency */,
			);
			name = GeoFencingTests;
			productName = GeoFencingTests;
			productReference = DFFF735424164FA3006C5712 /* GeoFencingTests.xctest */;
			productType = "com.apple.product-type.bundle.unit-test";
		};
		DFFF735E24164FA3006C5712 /* GeoFencingUITests */ = {
			isa = PBXNativeTarget;
			buildConfigurationList = DFFF736E24164FA3006C5712 /* Build configuration list for PBXNativeTarget "GeoFencingUITests" */;
			buildPhases = (
				DFFF735B24164FA3006C5712 /* Sources */,
				DFFF735C24164FA3006C5712 /* Frameworks */,
				DFFF735D24164FA3006C5712 /* Resources */,
			);
			buildRules = (
			);
			dependencies = (
				DFFF736124164FA3006C5712 /* PBXTargetDependency */,
			);
			name = GeoFencingUITests;
			productName = GeoFencingUITests;
			productReference = DFFF735F24164FA3006C5712 /* GeoFencingUITests.xctest */;
			productType = "com.apple.product-type.bundle.ui-testing";
		};
/* End PBXNativeTarget section */

/* Begin PBXProject section */
		DFFF733324164FA2006C5712 /* Project object */ = {
			isa = PBXProject;
			attributes = {
				LastSwiftUpdateCheck = 1130;
				LastUpgradeCheck = 1130;
				ORGANIZATIONNAME = vinsol;
				TargetAttributes = {
					DFFF733A24164FA2006C5712 = {
						CreatedOnToolsVersion = 11.3.1;
					};
					DFFF735324164FA3006C5712 = {
						CreatedOnToolsVersion = 11.3.1;
						TestTargetID = DFFF733A24164FA2006C5712;
					};
					DFFF735E24164FA3006C5712 = {
						CreatedOnToolsVersion = 11.3.1;
						TestTargetID = DFFF733A24164FA2006C5712;
					};
				};
			};
			buildConfigurationList = DFFF733624164FA2006C5712 /* Build configuration list for PBXProject "GeoFencing" */;
			compatibilityVersion = "Xcode 9.3";
			developmentRegion = en;
			hasScannedForEncodings = 0;
			knownRegions = (
				en,
				Base,
			);
			mainGroup = DFFF733224164FA2006C5712;
			productRefGroup = DFFF733C24164FA2006C5712 /* Products */;
			projectDirPath = "";
			projectRoot = "";
			targets = (
				DFFF733A24164FA2006C5712 /* GeoFencing */,
				DFFF735324164FA3006C5712 /* GeoFencingTests */,
				DFFF735E24164FA3006C5712 /* GeoFencingUITests */,
			);
		};
/* End PBXProject section */

/* Begin PBXResourcesBuildPhase section */
		DFFF733924164FA2006C5712 /* Resources */ = {
			isa = PBXResourcesBuildPhase;
			buildActionMask = 2147483647;
			files = (
				DFFF734E24164FA3006C5712 /* LaunchScreen.storyboard in Resources */,
				DFFF734B24164FA3006C5712 /* Assets.xcassets in Resources */,
				DFFF734624164FA2006C5712 /* Main.storyboard in Resources */,
			);
			runOnlyForDeploymentPostprocessing = 0;
		};
		DFFF735224164FA3006C5712 /* Resources */ = {
			isa = PBXResourcesBuildPhase;
			buildActionMask = 2147483647;
			files = (
			);
			runOnlyForDeploymentPostprocessing = 0;
		};
		DFFF735D24164FA3006C5712 /* Resources */ = {
			isa = PBXResourcesBuildPhase;
			buildActionMask = 2147483647;
			files = (
			);
			runOnlyForDeploymentPostprocessing = 0;
		};
/* End PBXResourcesBuildPhase section */

/* Begin PBXSourcesBuildPhase section */
		DFFF733724164FA2006C5712 /* Sources */ = {
			isa = PBXSourcesBuildPhase;
			buildActionMask = 2147483647;
			files = (
				DFFF737224165613006C5712 /* AddViewController.swift in Sources */,
				DFFF737424165E98006C5712 /* RoundView.swift in Sources */,
				DFFF734924164FA2006C5712 /* GeoFencing.xcdatamodeld in Sources */,
				DFFF734324164FA2006C5712 /* MainViewController.swift in Sources */,
				DFFF733F24164FA2006C5712 /* AppDelegate.swift in Sources */,
				DFFF734124164FA2006C5712 /* SceneDelegate.swift in Sources */,
			);
			runOnlyForDeploymentPostprocessing = 0;
		};
		DFFF735024164FA3006C5712 /* Sources */ = {
			isa = PBXSourcesBuildPhase;
			buildActionMask = 2147483647;
			files = (
				DFFF735924164FA3006C5712 /* GeoFencingTests.swift in Sources */,
			);
			runOnlyForDeploymentPostprocessing = 0;
		};
		DFFF735B24164FA3006C5712 /* Sources */ = {
			isa = PBXSourcesBuildPhase;
			buildActionMask = 2147483647;
			files = (
				DFFF736424164FA3006C5712 /* GeoFencingUITests.swift in Sources */,
			);
			runOnlyForDeploymentPostprocessing = 0;
		};
/* End PBXSourcesBuildPhase section */

/* Begin PBXTargetDependency section */
		DFFF735624164FA3006C5712 /* PBXTargetDependency */ = {
			isa = PBXTargetDependency;
			target = DFFF733A24164FA2006C5712 /* GeoFencing */;
			targetProxy = DFFF735524164FA3006C5712 /* PBXContainerItemProxy */;
		};
		DFFF736124164FA3006C5712 /* PBXTargetDependency */ = {
			isa = PBXTargetDependency;
			target = DFFF733A24164FA2006C5712 /* GeoFencing */;
			targetProxy = DFFF736024164FA3006C5712 /* PBXContainerItemProxy */;
		};
/* End PBXTargetDependency section */

/* Begin PBXVariantGroup section */
		DFFF734424164FA2006C5712 /* Main.storyboard */ = {
			isa = PBXVariantGroup;
			children = (
				DFFF734524164FA2006C5712 /* Base */,
			);
			name = Main.storyboard;
			sourceTree = "<group>";
		};
		DFFF734C24164FA3006C5712 /* LaunchScreen.storyboard */ = {
			isa = PBXVariantGroup;
			children = (
				DFFF734D24164FA3006C5712 /* Base */,
			);
			name = LaunchScreen.storyboard;
			sourceTree = "<group>";
		};
/* End PBXVariantGroup section */

/* Begin XCBuildConfiguration section */
		DFFF736624164FA3006C5712 /* Debug */ = {
			isa = XCBuildConfiguration;
			buildSettings = {
				ALWAYS_SEARCH_USER_PATHS = NO;
				CLANG_ANALYZER_NONNULL = YES;
				CLANG_ANALYZER_NUMBER_OBJECT_CONVERSION = YES_AGGRESSIVE;
				CLANG_CXX_LANGUAGE_STANDARD = "gnu++14";
				CLANG_CXX_LIBRARY = "libc++";
				CLANG_ENABLE_MODULES = YES;
				CLANG_ENABLE_OBJC_ARC = YES;
				CLANG_ENABLE_OBJC_WEAK = YES;
				CLANG_WARN_BLOCK_CAPTURE_AUTORELEASING = YES;
				CLANG_WARN_BOOL_CONVERSION = YES;
				CLANG_WARN_COMMA = YES;
				CLANG_WARN_CONSTANT_CONVERSION = YES;
				CLANG_WARN_DEPRECATED_OBJC_IMPLEMENTATIONS = YES;
				CLANG_WARN_DIRECT_OBJC_ISA_USAGE = YES_ERROR;
				CLANG_WARN_DOCUMENTATION_COMMENTS = YES;
				CLANG_WARN_EMPTY_BODY = YES;
				CLANG_WARN_ENUM_CONVERSION = YES;
				CLANG_WARN_INFINITE_RECURSION = YES;
				CLANG_WARN_INT_CONVERSION = YES;
				CLANG_WARN_NON_LITERAL_NULL_CONVERSION = YES;
				CLANG_WARN_OBJC_IMPLICIT_RETAIN_SELF = YES;
				CLANG_WARN_OBJC_LITERAL_CONVERSION = YES;
				CLANG_WARN_OBJC_ROOT_CLASS = YES_ERROR;
				CLANG_WARN_RANGE_LOOP_ANALYSIS = YES;
				CLANG_WARN_STRICT_PROTOTYPES = YES;
				CLANG_WARN_SUSPICIOUS_MOVE = YES;
				CLANG_WARN_UNGUARDED_AVAILABILITY = YES_AGGRESSIVE;
				CLANG_WARN_UNREACHABLE_CODE = YES;
				CLANG_WARN__DUPLICATE_METHOD_MATCH = YES;
				COPY_PHASE_STRIP = NO;
				DEBUG_INFORMATION_FORMAT = dwarf;
				ENABLE_STRICT_OBJC_MSGSEND = YES;
				ENABLE_TESTABILITY = YES;
				GCC_C_LANGUAGE_STANDARD = gnu11;
				GCC_DYNAMIC_NO_PIC = NO;
				GCC_NO_COMMON_BLOCKS = YES;
				GCC_OPTIMIZATION_LEVEL = 0;
				GCC_PREPROCESSOR_DEFINITIONS = (
					"DEBUG=1",
					"$(inherited)",
				);
				GCC_WARN_64_TO_32_BIT_CONVERSION = YES;
				GCC_WARN_ABOUT_RETURN_TYPE = YES_ERROR;
				GCC_WARN_UNDECLARED_SELECTOR = YES;
				GCC_WARN_UNINITIALIZED_AUTOS = YES_AGGRESSIVE;
				GCC_WARN_UNUSED_FUNCTION = YES;
				GCC_WARN_UNUSED_VARIABLE = YES;
				IPHONEOS_DEPLOYMENT_TARGET = 13.2;
				MTL_ENABLE_DEBUG_INFO = INCLUDE_SOURCE;
				MTL_FAST_MATH = YES;
				ONLY_ACTIVE_ARCH = YES;
				SDKROOT = iphoneos;
				SWIFT_ACTIVE_COMPILATION_CONDITIONS = DEBUG;
				SWIFT_OPTIMIZATION_LEVEL = "-Onone";
			};
			name = Debug;
		};
		DFFF736724164FA3006C5712 /* Release */ = {
			isa = XCBuildConfiguration;
			buildSettings = {
				ALWAYS_SEARCH_USER_PATHS = NO;
				CLANG_ANALYZER_NONNULL = YES;
				CLANG_ANALYZER_NUMBER_OBJECT_CONVERSION = YES_AGGRESSIVE;
				CLANG_CXX_LANGUAGE_STANDARD = "gnu++14";
				CLANG_CXX_LIBRARY = "libc++";
				CLANG_ENABLE_MODULES = YES;
				CLANG_ENABLE_OBJC_ARC = YES;
				CLANG_ENABLE_OBJC_WEAK = YES;
				CLANG_WARN_BLOCK_CAPTURE_AUTORELEASING = YES;
				CLANG_WARN_BOOL_CONVERSION = YES;
				CLANG_WARN_COMMA = YES;
				CLANG_WARN_CONSTANT_CONVERSION = YES;
				CLANG_WARN_DEPRECATED_OBJC_IMPLEMENTATIONS = YES;
				CLANG_WARN_DIRECT_OBJC_ISA_USAGE = YES_ERROR;
				CLANG_WARN_DOCUMENTATION_COMMENTS = YES;
				CLANG_WARN_EMPTY_BODY = YES;
				CLANG_WARN_ENUM_CONVERSION = YES;
				CLANG_WARN_INFINITE_RECURSION = YES;
				CLANG_WARN_INT_CONVERSION = YES;
				CLANG_WARN_NON_LITERAL_NULL_CONVERSION = YES;
				CLANG_WARN_OBJC_IMPLICIT_RETAIN_SELF = YES;
				CLANG_WARN_OBJC_LITERAL_CONVERSION = YES;
				CLANG_WARN_OBJC_ROOT_CLASS = YES_ERROR;
				CLANG_WARN_RANGE_LOOP_ANALYSIS = YES;
				CLANG_WARN_STRICT_PROTOTYPES = YES;
				CLANG_WARN_SUSPICIOUS_MOVE = YES;
				CLANG_WARN_UNGUARDED_AVAILABILITY = YES_AGGRESSIVE;
				CLANG_WARN_UNREACHABLE_CODE = YES;
				CLANG_WARN__DUPLICATE_METHOD_MATCH = YES;
				COPY_PHASE_STRIP = NO;
				DEBUG_INFORMATION_FORMAT = "dwarf-with-dsym";
				ENABLE_NS_ASSERTIONS = NO;
				ENABLE_STRICT_OBJC_MSGSEND = YES;
				GCC_C_LANGUAGE_STANDARD = gnu11;
				GCC_NO_COMMON_BLOCKS = YES;
				GCC_WARN_64_TO_32_BIT_CONVERSION = YES;
				GCC_WARN_ABOUT_RETURN_TYPE = YES_ERROR;
				GCC_WARN_UNDECLARED_SELECTOR = YES;
				GCC_WARN_UNINITIALIZED_AUTOS = YES_AGGRESSIVE;
				GCC_WARN_UNUSED_FUNCTION = YES;
				GCC_WARN_UNUSED_VARIABLE = YES;
				IPHONEOS_DEPLOYMENT_TARGET = 13.2;
				MTL_ENABLE_DEBUG_INFO = NO;
				MTL_FAST_MATH = YES;
				SDKROOT = iphoneos;
				SWIFT_COMPILATION_MODE = wholemodule;
				SWIFT_OPTIMIZATION_LEVEL = "-O";
				VALIDATE_PRODUCT = YES;
			};
			name = Release;
		};
		DFFF736924164FA3006C5712 /* Debug */ = {
			isa = XCBuildConfiguration;
			buildSettings = {
				ASSETCATALOG_COMPILER_APPICON_NAME = AppIcon;
				CODE_SIGN_STYLE = Automatic;
				DEVELOPMENT_TEAM = 2XHG2BAA6R;
				INFOPLIST_FILE = GeoFencing/Info.plist;
				LD_RUNPATH_SEARCH_PATHS = (
					"$(inherited)",
					"@executable_path/Frameworks",
				);
				PRODUCT_BUNDLE_IDENTIFIER = com.vinsol.GeoFencing;
				PRODUCT_NAME = "$(TARGET_NAME)";
				SWIFT_VERSION = 5.0;
				TARGETED_DEVICE_FAMILY = "1,2";
			};
			name = Debug;
		};
		DFFF736A24164FA3006C5712 /* Release */ = {
			isa = XCBuildConfiguration;
			buildSettings = {
				ASSETCATALOG_COMPILER_APPICON_NAME = AppIcon;
				CODE_SIGN_STYLE = Automatic;
				DEVELOPMENT_TEAM = 2XHG2BAA6R;
				INFOPLIST_FILE = GeoFencing/Info.plist;
				LD_RUNPATH_SEARCH_PATHS = (
					"$(inherited)",
					"@executable_path/Frameworks",
				);
				PRODUCT_BUNDLE_IDENTIFIER = com.vinsol.GeoFencing;
				PRODUCT_NAME = "$(TARGET_NAME)";
				SWIFT_VERSION = 5.0;
				TARGETED_DEVICE_FAMILY = "1,2";
			};
			name = Release;
		};
		DFFF736C24164FA3006C5712 /* Debug */ = {
			isa = XCBuildConfiguration;
			buildSettings = {
				ALWAYS_EMBED_SWIFT_STANDARD_LIBRARIES = YES;
				BUNDLE_LOADER = "$(TEST_HOST)";
				CODE_SIGN_STYLE = Automatic;
				DEVELOPMENT_TEAM = 2XHG2BAA6R;
				INFOPLIST_FILE = GeoFencingTests/Info.plist;
				IPHONEOS_DEPLOYMENT_TARGET = 13.2;
				LD_RUNPATH_SEARCH_PATHS = (
					"$(inherited)",
					"@executable_path/Frameworks",
					"@loader_path/Frameworks",
				);
				PRODUCT_BUNDLE_IDENTIFIER = com.vinsol.GeoFencingTests;
				PRODUCT_NAME = "$(TARGET_NAME)";
				SWIFT_VERSION = 5.0;
				TARGETED_DEVICE_FAMILY = "1,2";
				TEST_HOST = "$(BUILT_PRODUCTS_DIR)/GeoFencing.app/GeoFencing";
			};
			name = Debug;
		};
		DFFF736D24164FA3006C5712 /* Release */ = {
			isa = XCBuildConfiguration;
			buildSettings = {
				ALWAYS_EMBED_SWIFT_STANDARD_LIBRARIES = YES;
				BUNDLE_LOADER = "$(TEST_HOST)";
				CODE_SIGN_STYLE = Automatic;
				DEVELOPMENT_TEAM = 2XHG2BAA6R;
				INFOPLIST_FILE = GeoFencingTests/Info.plist;
				IPHONEOS_DEPLOYMENT_TARGET = 13.2;
				LD_RUNPATH_SEARCH_PATHS = (
					"$(inherited)",
					"@executable_path/Frameworks",
					"@loader_path/Frameworks",
				);
				PRODUCT_BUNDLE_IDENTIFIER = com.vinsol.GeoFencingTests;
				PRODUCT_NAME = "$(TARGET_NAME)";
				SWIFT_VERSION = 5.0;
				TARGETED_DEVICE_FAMILY = "1,2";
				TEST_HOST = "$(BUILT_PRODUCTS_DIR)/GeoFencing.app/GeoFencing";
			};
			name = Release;
		};
		DFFF736F24164FA3006C5712 /* Debug */ = {
			isa = XCBuildConfiguration;
			buildSettings = {
				ALWAYS_EMBED_SWIFT_STANDARD_LIBRARIES = YES;
				CODE_SIGN_STYLE = Automatic;
				DEVELOPMENT_TEAM = 2XHG2BAA6R;
				INFOPLIST_FILE = GeoFencingUITests/Info.plist;
				LD_RUNPATH_SEARCH_PATHS = (
					"$(inherited)",
					"@executable_path/Frameworks",
					"@loader_path/Frameworks",
				);
				PRODUCT_BUNDLE_IDENTIFIER = com.vinsol.GeoFencingUITests;
				PRODUCT_NAME = "$(TARGET_NAME)";
				SWIFT_VERSION = 5.0;
				TARGETED_DEVICE_FAMILY = "1,2";
				TEST_TARGET_NAME = GeoFencing;
			};
			name = Debug;
		};
		DFFF737024164FA3006C5712 /* Release */ = {
			isa = XCBuildConfiguration;
			buildSettings = {
				ALWAYS_EMBED_SWIFT_STANDARD_LIBRARIES = YES;
				CODE_SIGN_STYLE = Automatic;
				DEVELOPMENT_TEAM = 2XHG2BAA6R;
				INFOPLIST_FILE = GeoFencingUITests/Info.plist;
				LD_RUNPATH_SEARCH_PATHS = (
					"$(inherited)",
					"@executable_path/Frameworks",
					"@loader_path/Frameworks",
				);
				PRODUCT_BUNDLE_IDENTIFIER = com.vinsol.GeoFencingUITests;
				PRODUCT_NAME = "$(TARGET_NAME)";
				SWIFT_VERSION = 5.0;
				TARGETED_DEVICE_FAMILY = "1,2";
				TEST_TARGET_NAME = GeoFencing;
			};
			name = Release;
		};
/* End XCBuildConfiguration section */

/* Begin XCConfigurationList section */
		DFFF733624164FA2006C5712 /* Build configuration list for PBXProject "GeoFencing" */ = {
			isa = XCConfigurationList;
			buildConfigurations = (
				DFFF736624164FA3006C5712 /* Debug */,
				DFFF736724164FA3006C5712 /* Release */,
			);
			defaultConfigurationIsVisible = 0;
			defaultConfigurationName = Release;
		};
		DFFF736824164FA3006C5712 /* Build configuration list for PBXNativeTarget "GeoFencing" */ = {
			isa = XCConfigurationList;
			buildConfigurations = (
				DFFF736924164FA3006C5712 /* Debug */,
				DFFF736A24164FA3006C5712 /* Release */,
			);
			defaultConfigurationIsVisible = 0;
			defaultConfigurationName = Release;
		};
		DFFF736B24164FA3006C5712 /* Build configuration list for PBXNativeTarget "GeoFencingTests" */ = {
			isa = XCConfigurationList;
			buildConfigurations = (
				DFFF736C24164FA3006C5712 /* Debug */,
				DFFF736D24164FA3006C5712 /* Release */,
			);
			defaultConfigurationIsVisible = 0;
			defaultConfigurationName = Release;
		};
		DFFF736E24164FA3006C5712 /* Build configuration list for PBXNativeTarget "GeoFencingUITests" */ = {
			isa = XCConfigurationList;
			buildConfigurations = (
				DFFF736F24164FA3006C5712 /* Debug */,
				DFFF737024164FA3006C5712 /* Release */,
			);
			defaultConfigurationIsVisible = 0;
			defaultConfigurationName = Release;
		};
/* End XCConfigurationList section */

/* Begin XCVersionGroup section */
		DFFF734724164FA2006C5712 /* GeoFencing.xcdatamodeld */ = {
			isa = XCVersionGroup;
			children = (
				DFFF734824164FA2006C5712 /* GeoFencing.xcdatamodel */,
			);
			currentVersion = DFFF734824164FA2006C5712 /* GeoFencing.xcdatamodel */;
			path = GeoFencing.xcdatamodeld;
			sourceTree = "<group>";
			versionGroupType = wrapper.xcdatamodel;
		};
/* End XCVersionGroup section */
	};
	rootObject = DFFF733324164FA2006C5712 /* Project object */;
}
